{
  "version": 4,
  "terraform_version": "1.12.0",
  "serial": 79,
  "lineage": "f428186f-0f97-b62b-52b6-f3101412b376",
  "outputs": {
    "lambda_function_url": {
      "value": "https://xbem6sjggfggs7wlhxjemb7kqm0ywgdy.lambda-url.us-east-1.on.aws/",
      "type": "string"
    }
  },
  "resources": [
    {
      "mode": "data",
      "type": "aws_availability_zones",
      "name": "available",
      "provider": "provider[\"registry.terraform.io/hashicorp/aws\"]",
      "instances": [
        {
          "schema_version": 0,
          "attributes": {
            "all_availability_zones": null,
            "exclude_names": null,
            "exclude_zone_ids": null,
            "filter": null,
            "group_names": [
              "us-east-1-zg-1"
            ],
            "id": "us-east-1",
            "names": [
              "us-east-1a",
              "us-east-1b",
              "us-east-1c",
              "us-east-1d",
              "us-east-1e",
              "us-east-1f"
            ],
            "region": "us-east-1",
            "state": null,
            "timeouts": null,
            "zone_ids": [
              "use1-az4",
              "use1-az6",
              "use1-az1",
              "use1-az2",
              "use1-az3",
              "use1-az5"
            ]
          },
          "sensitive_attributes": [],
          "identity_schema_version": 0
        }
      ]
    },
    {
      "mode": "data",
      "type": "aws_caller_identity",
      "name": "current",
      "provider": "provider[\"registry.terraform.io/hashicorp/aws\"]",
      "instances": [
        {
          "schema_version": 0,
          "attributes": {
            "account_id": "054037138392",
            "arn": "arn:aws:iam::054037138392:user/Alex",
            "id": "054037138392",
            "user_id": "AIDAQZFG5JPMGHJH76PC2"
          },
          "sensitive_attributes": [],
          "identity_schema_version": 0
        }
      ]
    },
    {
      "mode": "data",
      "type": "aws_region",
      "name": "current",
      "provider": "provider[\"registry.terraform.io/hashicorp/aws\"]",
      "instances": [
        {
          "schema_version": 0,
          "attributes": {
            "description": "US East (N. Virginia)",
            "endpoint": "ec2.us-east-1.amazonaws.com",
            "id": "us-east-1",
            "name": "us-east-1",
            "region": "us-east-1"
          },
          "sensitive_attributes": [],
          "identity_schema_version": 0
        }
      ]
    },
    {
      "mode": "managed",
      "type": "aws_iam_role",
      "name": "bedrock_service_role",
      "provider": "provider[\"registry.terraform.io/hashicorp/aws\"]",
      "instances": [
        {
          "schema_version": 0,
          "attributes": {
            "arn": "arn:aws:iam::054037138392:role/bedrock-service-role-immune-hen",
            "assume_role_policy": "{\"Statement\":[{\"Action\":\"sts:AssumeRole\",\"Effect\":\"Allow\",\"Principal\":{\"Service\":\"bedrock.amazonaws.com\"},\"Sid\":\"\"}],\"Version\":\"2012-10-17\"}",
            "create_date": "2025-07-06T11:17:19Z",
            "description": "",
            "force_detach_policies": false,
            "id": "bedrock-service-role-immune-hen",
            "inline_policy": [
              {
                "name": "bedrock_service_role_policy",
                "policy": "{\"Version\":\"2012-10-17\",\"Statement\":[{\"Action\":[\"bedrock:InvokeModel\"],\"Effect\":\"Allow\",\"Resource\":[\"arn:aws:bedrock:us-east-1::foundation-model/amazon.titan-embed-text-v2:0\"],\"Sid\":\"BedrockInvokeModelStatement\"},{\"Action\":[\"rds:DescribeDBClusters\"],\"Effect\":\"Allow\",\"Resource\":[\"arn:aws:rds:us-east-1:054037138392:cluster:genai-bedrock-vector-store-immune-hen\"],\"Sid\":\"RdsDescribeStatementID\"},{\"Action\":[\"rds-data:BatchExecuteStatement\",\"rds-data:ExecuteStatement\"],\"Effect\":\"Allow\",\"Resource\":[\"arn:aws:rds:us-east-1:054037138392:cluster:*\"],\"Sid\":\"DataAPIStatementID\"},{\"Action\":[\"s3:GetObject\",\"s3:ListBucket\"],\"Effect\":\"Allow\",\"Resource\":[\"arn:aws:s3:::genai-bedrock-vector-store-immune-hen\",\"arn:aws:s3:::genai-bedrock-vector-store-immune-hen/\",\"arn:aws:s3:::genai-bedrock-vector-store-immune-hen/*\"],\"Sid\":\"S3AccessStatement\"},{\"Action\":[\"secretsmanager:GetSecretValue\"],\"Effect\":\"Allow\",\"Resource\":[\"arn:aws:secretsmanager:us-east-1:054037138392:secret:bedrock-secret-immune-hen20250706111641102000000007-Tw2BwQ\"],\"Sid\":\"SecretsManagerGetStatement\"}]}"
              }
            ],
            "managed_policy_arns": [],
            "max_session_duration": 3600,
            "name": "bedrock-service-role-immune-hen",
            "name_prefix": "",
            "path": "/",
            "permissions_boundary": "",
            "tags": {
              "Application": "set-genai-aws-workshop"
            },
            "tags_all": {
              "Application": "set-genai-aws-workshop"
            },
            "unique_id": "AROAQZFG5JPMMFYVWIZUO"
          },
          "sensitive_attributes": [],
          "identity_schema_version": 0,
          "identity": {
            "account_id": "054037138392",
            "name": "bedrock-service-role-immune-hen"
          },
          "private": "bnVsbA==",
          "dependencies": [
            "aws_iam_role.vector_store_cluster_role",
            "data.aws_availability_zones.available",
            "module.aurora_postgresql_v2.aws_appautoscaling_policy.this",
            "module.aurora_postgresql_v2.aws_appautoscaling_target.this",
            "module.aurora_postgresql_v2.aws_cloudwatch_log_group.this",
            "module.aurora_postgresql_v2.aws_db_parameter_group.this",
            "module.aurora_postgresql_v2.aws_db_subnet_group.this",
            "module.aurora_postgresql_v2.aws_iam_role.rds_enhanced_monitoring",
            "module.aurora_postgresql_v2.aws_iam_role_policy_attachment.rds_enhanced_monitoring",
            "module.aurora_postgresql_v2.aws_rds_cluster.this",
            "module.aurora_postgresql_v2.aws_rds_cluster_activity_stream.this",
            "module.aurora_postgresql_v2.aws_rds_cluster_endpoint.this",
            "module.aurora_postgresql_v2.aws_rds_cluster_instance.this",
            "module.aurora_postgresql_v2.aws_rds_cluster_parameter_group.this",
            "module.aurora_postgresql_v2.aws_rds_cluster_role_association.this",
            "module.aurora_postgresql_v2.aws_secretsmanager_secret_rotation.this",
            "module.aurora_postgresql_v2.aws_security_group.this",
            "module.aurora_postgresql_v2.aws_security_group_rule.this",
            "module.aurora_postgresql_v2.data.aws_iam_policy_document.monitoring_rds_assume_role",
            "module.aurora_postgresql_v2.data.aws_partition.current",
            "module.vpc.aws_db_subnet_group.database",
            "module.vpc.aws_subnet.database",
            "module.vpc.aws_subnet.private",
            "module.vpc.aws_vpc.this",
            "module.vpc.aws_vpc_ipv4_cidr_block_association.this",
            "random_pet.this"
          ],
          "create_before_destroy": true
        }
      ]
    },
    {
      "mode": "managed",
      "type": "aws_iam_role",
      "name": "vector_store_cluster_role",
      "provider": "provider[\"registry.terraform.io/hashicorp/aws\"]",
      "instances": [
        {
          "schema_version": 0,
          "attributes": {
            "arn": "arn:aws:iam::054037138392:role/genai-cluster-role-immune-hen",
            "assume_role_policy": "{\"Statement\":[{\"Action\":\"sts:AssumeRole\",\"Effect\":\"Allow\",\"Principal\":{\"Service\":\"rds.amazonaws.com\"},\"Sid\":\"\"},{\"Action\":\"sts:AssumeRole\",\"Effect\":\"Allow\",\"Principal\":{\"Service\":\"bedrock.amazonaws.com\"},\"Sid\":\"\"}],\"Version\":\"2012-10-17\"}",
            "create_date": "2025-07-06T11:08:33Z",
            "description": "",
            "force_detach_policies": false,
            "id": "genai-cluster-role-immune-hen",
            "inline_policy": [
              {
                "name": "terraform-20250706110756342800000001",
                "policy": "{\"Version\":\"2012-10-17\",\"Statement\":[{\"Action\":[\"bedrock:InvokeModel\"],\"Effect\":\"Allow\",\"Resource\":[\"arn:aws:bedrock:*:054037138392:provisioned-model/*\",\"arn:aws:bedrock:*::foundation-model/*\"]}]}"
              }
            ],
            "managed_policy_arns": [],
            "max_session_duration": 3600,
            "name": "genai-cluster-role-immune-hen",
            "name_prefix": "",
            "path": "/",
            "permissions_boundary": "",
            "tags": {
              "Application": "set-genai-aws-workshop"
            },
            "tags_all": {
              "Application": "set-genai-aws-workshop"
            },
            "unique_id": "AROAQZFG5JPMAZ5GGDP6V"
          },
          "sensitive_attributes": [],
          "identity_schema_version": 0,
          "identity": {
            "account_id": "054037138392",
            "name": "genai-cluster-role-immune-hen"
          },
          "private": "bnVsbA==",
          "dependencies": [
            "random_pet.this"
          ],
          "create_before_destroy": true
        }
      ]
    },
    {
      "mode": "managed",
      "type": "aws_iam_role_policy",
      "name": "bedrock_service_role_policy",
      "provider": "provider[\"registry.terraform.io/hashicorp/aws\"]",
      "instances": [
        {
          "schema_version": 0,
          "attributes": {
            "id": "bedrock-service-role-immune-hen:bedrock_service_role_policy",
            "name": "bedrock_service_role_policy",
            "name_prefix": "",
            "policy": "{\"Version\":\"2012-10-17\",\"Statement\":[{\"Action\":[\"bedrock:InvokeModel\"],\"Effect\":\"Allow\",\"Resource\":[\"arn:aws:bedrock:us-east-1::foundation-model/amazon.titan-embed-text-v2:0\"],\"Sid\":\"BedrockInvokeModelStatement\"},{\"Action\":[\"rds:DescribeDBClusters\"],\"Effect\":\"Allow\",\"Resource\":[\"arn:aws:rds:us-east-1:054037138392:cluster:genai-bedrock-vector-store-immune-hen\"],\"Sid\":\"RdsDescribeStatementID\"},{\"Action\":[\"rds-data:BatchExecuteStatement\",\"rds-data:ExecuteStatement\"],\"Effect\":\"Allow\",\"Resource\":[\"arn:aws:rds:us-east-1:054037138392:cluster:*\"],\"Sid\":\"DataAPIStatementID\"},{\"Action\":[\"s3:GetObject\",\"s3:ListBucket\"],\"Effect\":\"Allow\",\"Resource\":[\"arn:aws:s3:::genai-bedrock-vector-store-immune-hen\",\"arn:aws:s3:::genai-bedrock-vector-store-immune-hen/\",\"arn:aws:s3:::genai-bedrock-vector-store-immune-hen/*\"],\"Sid\":\"S3AccessStatement\"},{\"Action\":[\"secretsmanager:GetSecretValue\"],\"Effect\":\"Allow\",\"Resource\":[\"arn:aws:secretsmanager:us-east-1:054037138392:secret:bedrock-secret-immune-hen20250706111641102000000007-Tw2BwQ\"],\"Sid\":\"SecretsManagerGetStatement\"}]}",
            "role": "bedrock-service-role-immune-hen"
          },
          "sensitive_attributes": [],
          "identity_schema_version": 0,
          "identity": {
            "account_id": "054037138392",
            "name": "bedrock_service_role_policy",
            "role": "bedrock-service-role-immune-hen"
          },
          "private": "bnVsbA==",
          "dependencies": [
            "aws_iam_role.bedrock_service_role",
            "aws_iam_role.vector_store_cluster_role",
            "data.aws_availability_zones.available",
            "data.aws_caller_identity.current",
            "module.aurora_postgresql_v2.aws_appautoscaling_policy.this",
            "module.aurora_postgresql_v2.aws_appautoscaling_target.this",
            "module.aurora_postgresql_v2.aws_cloudwatch_log_group.this",
            "module.aurora_postgresql_v2.aws_db_parameter_group.this",
            "module.aurora_postgresql_v2.aws_db_subnet_group.this",
            "module.aurora_postgresql_v2.aws_iam_role.rds_enhanced_monitoring",
            "module.aurora_postgresql_v2.aws_iam_role_policy_attachment.rds_enhanced_monitoring",
            "module.aurora_postgresql_v2.aws_rds_cluster.this",
            "module.aurora_postgresql_v2.aws_rds_cluster_activity_stream.this",
            "module.aurora_postgresql_v2.aws_rds_cluster_endpoint.this",
            "module.aurora_postgresql_v2.aws_rds_cluster_instance.this",
            "module.aurora_postgresql_v2.aws_rds_cluster_parameter_group.this",
            "module.aurora_postgresql_v2.aws_rds_cluster_role_association.this",
            "module.aurora_postgresql_v2.aws_secretsmanager_secret_rotation.this",
            "module.aurora_postgresql_v2.aws_security_group.this",
            "module.aurora_postgresql_v2.aws_security_group_rule.this",
            "module.aurora_postgresql_v2.data.aws_iam_policy_document.monitoring_rds_assume_role",
            "module.aurora_postgresql_v2.data.aws_partition.current",
            "module.genai_document_bucket.aws_s3_bucket.this",
            "module.genai_document_bucket.aws_s3_bucket_policy.this",
            "module.genai_document_bucket.aws_s3_bucket_public_access_block.this",
            "module.genai_document_bucket.data.aws_caller_identity.current",
            "module.genai_document_bucket.data.aws_iam_policy_document.access_log_delivery",
            "module.genai_document_bucket.data.aws_iam_policy_document.combined",
            "module.genai_document_bucket.data.aws_iam_policy_document.deny_incorrect_encryption_headers",
            "module.genai_document_bucket.data.aws_iam_policy_document.deny_incorrect_kms_key_sse",
            "module.genai_document_bucket.data.aws_iam_policy_document.deny_insecure_transport",
            "module.genai_document_bucket.data.aws_iam_policy_document.deny_unencrypted_object_uploads",
            "module.genai_document_bucket.data.aws_iam_policy_document.elb_log_delivery",
            "module.genai_document_bucket.data.aws_iam_policy_document.inventory_and_analytics_destination_policy",
            "module.genai_document_bucket.data.aws_iam_policy_document.lb_log_delivery",
            "module.genai_document_bucket.data.aws_iam_policy_document.require_latest_tls",
            "module.genai_document_bucket.data.aws_partition.current",
            "module.genai_document_bucket.data.aws_region.current",
            "module.vector_store_bedrock_secret.aws_secretsmanager_secret.this",
            "module.vpc.aws_db_subnet_group.database",
            "module.vpc.aws_subnet.database",
            "module.vpc.aws_subnet.private",
            "module.vpc.aws_vpc.this",
            "module.vpc.aws_vpc_ipv4_cidr_block_association.this",
            "random_pet.this"
          ],
          "create_before_destroy": true
        }
      ]
    },
    {
      "mode": "managed",
      "type": "aws_iam_role_policy",
      "name": "vector_store_cluster_role_policy",
      "provider": "provider[\"registry.terraform.io/hashicorp/aws\"]",
      "instances": [
        {
          "schema_version": 0,
          "attributes": {
            "id": "genai-cluster-role-immune-hen:terraform-20250706110756342800000001",
            "name": "terraform-20250706110756342800000001",
            "name_prefix": "terraform-",
            "policy": "{\"Version\":\"2012-10-17\",\"Statement\":[{\"Action\":[\"bedrock:InvokeModel\"],\"Effect\":\"Allow\",\"Resource\":[\"arn:aws:bedrock:*:054037138392:provisioned-model/*\",\"arn:aws:bedrock:*::foundation-model/*\"]}]}",
            "role": "genai-cluster-role-immune-hen"
          },
          "sensitive_attributes": [],
          "identity_schema_version": 0,
          "identity": {
            "account_id": "054037138392",
            "name": "terraform-20250706110756342800000001",
            "role": "genai-cluster-role-immune-hen"
          },
          "private": "bnVsbA==",
          "dependencies": [
            "aws_iam_role.vector_store_cluster_role",
            "data.aws_caller_identity.current",
            "random_pet.this"
          ]
        }
      ]
    },
    {
      "mode": "managed",
      "type": "aws_s3_object",
      "name": "object",
      "provider": "provider[\"registry.terraform.io/hashicorp/aws\"]",
      "instances": [
        {
          "schema_version": 0,
          "attributes": {
            "acl": null,
            "arn": "arn:aws:s3:::genai-bedrock-vector-store-immune-hen/postgresql-16-A4.pdf",
            "bucket": "genai-bedrock-vector-store-immune-hen",
            "bucket_key_enabled": false,
            "cache_control": "",
            "checksum_algorithm": null,
            "checksum_crc32": "",
            "checksum_crc32c": "",
            "checksum_crc64nvme": "",
            "checksum_sha1": "",
            "checksum_sha256": "",
            "content": null,
            "content_base64": null,
            "content_disposition": "",
            "content_encoding": "",
            "content_language": "",
            "content_type": "binary/octet-stream",
            "etag": "de05dbbd17ca506040f3b3ffc2b81688-3",
            "force_destroy": false,
            "id": "genai-bedrock-vector-store-immune-hen/postgresql-16-A4.pdf",
            "key": "postgresql-16-A4.pdf",
            "kms_key_id": null,
            "metadata": {},
            "object_lock_legal_hold_status": "",
            "object_lock_mode": "",
            "object_lock_retain_until_date": "",
            "override_provider": [],
            "region": "us-east-1",
            "server_side_encryption": "AES256",
            "source": "documents/postgresql-16-A4.pdf",
            "source_hash": null,
            "storage_class": "STANDARD",
            "tags": {},
            "tags_all": {},
            "version_id": "",
            "website_redirect": ""
          },
          "sensitive_attributes": [],
          "identity_schema_version": 0,
          "identity": {
            "account_id": "054037138392",
            "bucket": "genai-bedrock-vector-store-immune-hen",
            "key": "postgresql-16-A4.pdf",
            "region": "us-east-1"
          },
          "private": "bnVsbA==",
          "dependencies": [
            "module.genai_document_bucket.aws_s3_bucket.this",
            "module.genai_document_bucket.aws_s3_bucket_accelerate_configuration.this",
            "module.genai_document_bucket.aws_s3_bucket_acl.this",
            "module.genai_document_bucket.aws_s3_bucket_analytics_configuration.this",
            "module.genai_document_bucket.aws_s3_bucket_cors_configuration.this",
            "module.genai_document_bucket.aws_s3_bucket_intelligent_tiering_configuration.this",
            "module.genai_document_bucket.aws_s3_bucket_inventory.this",
            "module.genai_document_bucket.aws_s3_bucket_lifecycle_configuration.this",
            "module.genai_document_bucket.aws_s3_bucket_logging.this",
            "module.genai_document_bucket.aws_s3_bucket_metric.this",
            "module.genai_document_bucket.aws_s3_bucket_object_lock_configuration.this",
            "module.genai_document_bucket.aws_s3_bucket_ownership_controls.this",
            "module.genai_document_bucket.aws_s3_bucket_policy.this",
            "module.genai_document_bucket.aws_s3_bucket_public_access_block.this",
            "module.genai_document_bucket.aws_s3_bucket_replication_configuration.this",
            "module.genai_document_bucket.aws_s3_bucket_request_payment_configuration.this",
            "module.genai_document_bucket.aws_s3_bucket_server_side_encryption_configuration.this",
            "module.genai_document_bucket.aws_s3_bucket_versioning.this",
            "module.genai_document_bucket.aws_s3_bucket_website_configuration.this",
            "module.genai_document_bucket.data.aws_caller_identity.current",
            "module.genai_document_bucket.data.aws_canonical_user_id.this",
            "module.genai_document_bucket.data.aws_iam_policy_document.access_log_delivery",
            "module.genai_document_bucket.data.aws_iam_policy_document.combined",
            "module.genai_document_bucket.data.aws_iam_policy_document.deny_incorrect_encryption_headers",
            "module.genai_document_bucket.data.aws_iam_policy_document.deny_incorrect_kms_key_sse",
            "module.genai_document_bucket.data.aws_iam_policy_document.deny_insecure_transport",
            "module.genai_document_bucket.data.aws_iam_policy_document.deny_unencrypted_object_uploads",
            "module.genai_document_bucket.data.aws_iam_policy_document.elb_log_delivery",
            "module.genai_document_bucket.data.aws_iam_policy_document.inventory_and_analytics_destination_policy",
            "module.genai_document_bucket.data.aws_iam_policy_document.lb_log_delivery",
            "module.genai_document_bucket.data.aws_iam_policy_document.require_latest_tls",
            "module.genai_document_bucket.data.aws_partition.current",
            "module.genai_document_bucket.data.aws_region.current",
            "random_pet.this"
          ]
        }
      ]
    },
    {
      "mode": "managed",
      "type": "awscc_bedrock_data_source",
      "name": "s3_data_source",
      "provider": "provider[\"registry.terraform.io/hashicorp/awscc\"]",
      "instances": [
        {
          "schema_version": 1,
          "attributes": {
            "created_at": "2025-07-06T11:50:48.152950475Z",
            "data_deletion_policy": "RETAIN",
            "data_source_configuration": {
              "confluence_configuration": null,
              "s3_configuration": {
                "bucket_arn": "arn:aws:s3:::genai-bedrock-vector-store-immune-hen",
                "bucket_owner_account_id": null,
                "inclusion_prefixes": null
              },
              "salesforce_configuration": null,
              "share_point_configuration": null,
              "type": "S3",
              "web_configuration": null
            },
            "data_source_id": "RSCSBDFK1A",
            "data_source_status": "AVAILABLE",
            "description": "GenAI datasource",
            "failure_reasons": null,
            "id": "JMGR40LDEB|RSCSBDFK1A",
            "knowledge_base_id": "JMGR40LDEB",
            "name": "genai-bedrock-data-source-immune-hen",
            "server_side_encryption_configuration": null,
            "updated_at": "2025-07-06T11:50:48.152950475Z",
            "vector_ingestion_configuration": null
          },
          "sensitive_attributes": [],
          "identity_schema_version": 0,
          "dependencies": [
            "aws_iam_role.bedrock_service_role",
            "aws_iam_role.vector_store_cluster_role",
            "aws_iam_role_policy.bedrock_service_role_policy",
            "awscc_bedrock_knowledge_base.genai-bedrock-kb",
            "data.aws_availability_zones.available",
            "data.aws_caller_identity.current",
            "module.aurora_postgresql_v2.aws_appautoscaling_policy.this",
            "module.aurora_postgresql_v2.aws_appautoscaling_target.this",
            "module.aurora_postgresql_v2.aws_cloudwatch_log_group.this",
            "module.aurora_postgresql_v2.aws_db_parameter_group.this",
            "module.aurora_postgresql_v2.aws_db_subnet_group.this",
            "module.aurora_postgresql_v2.aws_iam_role.rds_enhanced_monitoring",
            "module.aurora_postgresql_v2.aws_iam_role_policy_attachment.rds_enhanced_monitoring",
            "module.aurora_postgresql_v2.aws_rds_cluster.this",
            "module.aurora_postgresql_v2.aws_rds_cluster_activity_stream.this",
            "module.aurora_postgresql_v2.aws_rds_cluster_endpoint.this",
            "module.aurora_postgresql_v2.aws_rds_cluster_instance.this",
            "module.aurora_postgresql_v2.aws_rds_cluster_parameter_group.this",
            "module.aurora_postgresql_v2.aws_rds_cluster_role_association.this",
            "module.aurora_postgresql_v2.aws_secretsmanager_secret_rotation.this",
            "module.aurora_postgresql_v2.aws_security_group.this",
            "module.aurora_postgresql_v2.aws_security_group_rule.this",
            "module.aurora_postgresql_v2.data.aws_iam_policy_document.monitoring_rds_assume_role",
            "module.aurora_postgresql_v2.data.aws_partition.current",
            "module.genai_document_bucket.aws_s3_bucket.this",
            "module.genai_document_bucket.aws_s3_bucket_policy.this",
            "module.genai_document_bucket.aws_s3_bucket_public_access_block.this",
            "module.genai_document_bucket.data.aws_caller_identity.current",
            "module.genai_document_bucket.data.aws_iam_policy_document.access_log_delivery",
            "module.genai_document_bucket.data.aws_iam_policy_document.combined",
            "module.genai_document_bucket.data.aws_iam_policy_document.deny_incorrect_encryption_headers",
            "module.genai_document_bucket.data.aws_iam_policy_document.deny_incorrect_kms_key_sse",
            "module.genai_document_bucket.data.aws_iam_policy_document.deny_insecure_transport",
            "module.genai_document_bucket.data.aws_iam_policy_document.deny_unencrypted_object_uploads",
            "module.genai_document_bucket.data.aws_iam_policy_document.elb_log_delivery",
            "module.genai_document_bucket.data.aws_iam_policy_document.inventory_and_analytics_destination_policy",
            "module.genai_document_bucket.data.aws_iam_policy_document.lb_log_delivery",
            "module.genai_document_bucket.data.aws_iam_policy_document.require_latest_tls",
            "module.genai_document_bucket.data.aws_partition.current",
            "module.genai_document_bucket.data.aws_region.current",
            "module.vector_store_bedrock_secret.aws_secretsmanager_secret.this",
            "module.vpc.aws_db_subnet_group.database",
            "module.vpc.aws_subnet.database",
            "module.vpc.aws_subnet.private",
            "module.vpc.aws_vpc.this",
            "module.vpc.aws_vpc_ipv4_cidr_block_association.this",
            "random_pet.this",
            "time_sleep.bedrock_role"
          ]
        }
      ]
    },
    {
      "mode": "managed",
      "type": "awscc_bedrock_knowledge_base",
      "name": "genai-bedrock-kb",
      "provider": "provider[\"registry.terraform.io/hashicorp/awscc\"]",
      "instances": [
        {
          "schema_version": 1,
          "attributes": {
            "created_at": "2025-07-06T11:50:32.820350125Z",
            "description": "GenAI Bedrock knowledge base",
            "failure_reasons": null,
            "id": "JMGR40LDEB",
            "knowledge_base_arn": "arn:aws:bedrock:us-east-1:054037138392:knowledge-base/JMGR40LDEB",
            "knowledge_base_configuration": {
              "kendra_knowledge_base_configuration": null,
              "sql_knowledge_base_configuration": null,
              "type": "VECTOR",
              "vector_knowledge_base_configuration": {
                "embedding_model_arn": "arn:aws:bedrock:us-east-1::foundation-model/amazon.titan-embed-text-v2:0",
                "embedding_model_configuration": null,
                "supplemental_data_storage_configuration": null
              }
            },
            "knowledge_base_id": "JMGR40LDEB",
            "name": "genai-bedrock-kb-immune-hen",
            "role_arn": "arn:aws:iam::054037138392:role/bedrock-service-role-immune-hen",
            "status": "ACTIVE",
            "storage_configuration": {
              "mongo_db_atlas_configuration": null,
              "neptune_analytics_configuration": null,
              "opensearch_managed_cluster_configuration": null,
              "opensearch_serverless_configuration": null,
              "pinecone_configuration": null,
              "rds_configuration": {
                "credentials_secret_arn": "arn:aws:secretsmanager:us-east-1:054037138392:secret:bedrock-secret-immune-hen20250706111641102000000007-Tw2BwQ",
                "database_name": "postgres",
                "field_mapping": {
                  "custom_metadata_field": null,
                  "metadata_field": "metadata",
                  "primary_key_field": "id",
                  "text_field": "chunks",
                  "vector_field": "embedding"
                },
                "resource_arn": "arn:aws:rds:us-east-1:054037138392:cluster:genai-bedrock-vector-store-immune-hen",
                "table_name": "bedrock_integration.bedrock_kb"
              },
              "type": "RDS"
            },
            "tags": {
              "Application": "set-genai-aws-workshop"
            },
            "updated_at": "2025-07-06T11:50:32.820350125Z"
          },
          "sensitive_attributes": [],
          "identity_schema_version": 0,
          "dependencies": [
            "aws_iam_role.bedrock_service_role",
            "aws_iam_role.vector_store_cluster_role",
            "aws_iam_role_policy.bedrock_service_role_policy",
            "data.aws_availability_zones.available",
            "data.aws_caller_identity.current",
            "module.aurora_postgresql_v2.aws_appautoscaling_policy.this",
            "module.aurora_postgresql_v2.aws_appautoscaling_target.this",
            "module.aurora_postgresql_v2.aws_cloudwatch_log_group.this",
            "module.aurora_postgresql_v2.aws_db_parameter_group.this",
            "module.aurora_postgresql_v2.aws_db_subnet_group.this",
            "module.aurora_postgresql_v2.aws_iam_role.rds_enhanced_monitoring",
            "module.aurora_postgresql_v2.aws_iam_role_policy_attachment.rds_enhanced_monitoring",
            "module.aurora_postgresql_v2.aws_rds_cluster.this",
            "module.aurora_postgresql_v2.aws_rds_cluster_activity_stream.this",
            "module.aurora_postgresql_v2.aws_rds_cluster_endpoint.this",
            "module.aurora_postgresql_v2.aws_rds_cluster_instance.this",
            "module.aurora_postgresql_v2.aws_rds_cluster_parameter_group.this",
            "module.aurora_postgresql_v2.aws_rds_cluster_role_association.this",
            "module.aurora_postgresql_v2.aws_secretsmanager_secret_rotation.this",
            "module.aurora_postgresql_v2.aws_security_group.this",
            "module.aurora_postgresql_v2.aws_security_group_rule.this",
            "module.aurora_postgresql_v2.data.aws_iam_policy_document.monitoring_rds_assume_role",
            "module.aurora_postgresql_v2.data.aws_partition.current",
            "module.genai_document_bucket.aws_s3_bucket.this",
            "module.genai_document_bucket.aws_s3_bucket_policy.this",
            "module.genai_document_bucket.aws_s3_bucket_public_access_block.this",
            "module.genai_document_bucket.data.aws_caller_identity.current",
            "module.genai_document_bucket.data.aws_iam_policy_document.access_log_delivery",
            "module.genai_document_bucket.data.aws_iam_policy_document.combined",
            "module.genai_document_bucket.data.aws_iam_policy_document.deny_incorrect_encryption_headers",
            "module.genai_document_bucket.data.aws_iam_policy_document.deny_incorrect_kms_key_sse",
            "module.genai_document_bucket.data.aws_iam_policy_document.deny_insecure_transport",
            "module.genai_document_bucket.data.aws_iam_policy_document.deny_unencrypted_object_uploads",
            "module.genai_document_bucket.data.aws_iam_policy_document.elb_log_delivery",
            "module.genai_document_bucket.data.aws_iam_policy_document.inventory_and_analytics_destination_policy",
            "module.genai_document_bucket.data.aws_iam_policy_document.lb_log_delivery",
            "module.genai_document_bucket.data.aws_iam_policy_document.require_latest_tls",
            "module.genai_document_bucket.data.aws_partition.current",
            "module.genai_document_bucket.data.aws_region.current",
            "module.vector_store_bedrock_secret.aws_secretsmanager_secret.this",
            "module.vpc.aws_db_subnet_group.database",
            "module.vpc.aws_subnet.database",
            "module.vpc.aws_subnet.private",
            "module.vpc.aws_vpc.this",
            "module.vpc.aws_vpc_ipv4_cidr_block_association.this",
            "random_pet.this",
            "time_sleep.bedrock_role"
          ],
          "create_before_destroy": true
        }
      ]
    },
    {
      "mode": "managed",
      "type": "null_resource",
      "name": "db_setup",
      "provider": "provider[\"registry.terraform.io/hashicorp/null\"]",
      "instances": [
        {
          "schema_version": 0,
          "attributes": {
            "id": "1156091701112887971",
            "triggers": {
              "file": "2bc1e0f6f79c25580a477dda763e6d9b7299127e"
            }
          },
          "sensitive_attributes": [],
          "identity_schema_version": 0,
          "dependencies": [
            "aws_iam_role.vector_store_cluster_role",
            "data.aws_availability_zones.available",
            "data.aws_region.current",
            "module.aurora_postgresql_v2.aws_appautoscaling_policy.this",
            "module.aurora_postgresql_v2.aws_appautoscaling_target.this",
            "module.aurora_postgresql_v2.aws_cloudwatch_log_group.this",
            "module.aurora_postgresql_v2.aws_db_parameter_group.this",
            "module.aurora_postgresql_v2.aws_db_subnet_group.this",
            "module.aurora_postgresql_v2.aws_iam_role.rds_enhanced_monitoring",
            "module.aurora_postgresql_v2.aws_iam_role_policy_attachment.rds_enhanced_monitoring",
            "module.aurora_postgresql_v2.aws_rds_cluster.this",
            "module.aurora_postgresql_v2.aws_rds_cluster_activity_stream.this",
            "module.aurora_postgresql_v2.aws_rds_cluster_endpoint.this",
            "module.aurora_postgresql_v2.aws_rds_cluster_instance.this",
            "module.aurora_postgresql_v2.aws_rds_cluster_parameter_group.this",
            "module.aurora_postgresql_v2.aws_rds_cluster_role_association.this",
            "module.aurora_postgresql_v2.aws_secretsmanager_secret_rotation.this",
            "module.aurora_postgresql_v2.aws_security_group.this",
            "module.aurora_postgresql_v2.aws_security_group_rule.this",
            "module.aurora_postgresql_v2.data.aws_iam_policy_document.monitoring_rds_assume_role",
            "module.aurora_postgresql_v2.data.aws_partition.current",
            "module.vpc.aws_db_subnet_group.database",
            "module.vpc.aws_subnet.database",
            "module.vpc.aws_subnet.private",
            "module.vpc.aws_vpc.this",
            "module.vpc.aws_vpc_ipv4_cidr_block_association.this",
            "random_pet.this"
          ]
        }
      ]
    },
    {
      "mode": "managed",
      "type": "random_pet",
      "name": "this",
      "provider": "provider[\"registry.terraform.io/hashicorp/random\"]",
      "instances": [
        {
          "schema_version": 0,
          "attributes": {
            "id": "immune-hen",
            "keepers": null,
            "length": 2,
            "prefix": null,
            "separator": "-"
          },
          "sensitive_attributes": [],
          "identity_schema_version": 0,
          "create_before_destroy": true
        }
      ]
    },
    {
      "mode": "managed",
      "type": "time_sleep",
      "name": "bedrock_role",
      "provider": "provider[\"registry.terraform.io/hashicorp/time\"]",
      "instances": [
        {
          "schema_version": 0,
          "attributes": {
            "create_duration": "60s",
            "destroy_duration": null,
            "id": "2025-07-06T11:17:42Z",
            "triggers": null
          },
          "sensitive_attributes": [],
          "identity_schema_version": 0,
          "dependencies": [
            "aws_iam_role.bedrock_service_role",
            "aws_iam_role.vector_store_cluster_role",
            "aws_iam_role_policy.bedrock_service_role_policy",
            "data.aws_availability_zones.available",
            "data.aws_caller_identity.current",
            "module.aurora_postgresql_v2.aws_appautoscaling_policy.this",
            "module.aurora_postgresql_v2.aws_appautoscaling_target.this",
            "module.aurora_postgresql_v2.aws_cloudwatch_log_group.this",
            "module.aurora_postgresql_v2.aws_db_parameter_group.this",
            "module.aurora_postgresql_v2.aws_db_subnet_group.this",
            "module.aurora_postgresql_v2.aws_iam_role.rds_enhanced_monitoring",
            "module.aurora_postgresql_v2.aws_iam_role_policy_attachment.rds_enhanced_monitoring",
            "module.aurora_postgresql_v2.aws_rds_cluster.this",
            "module.aurora_postgresql_v2.aws_rds_cluster_activity_stream.this",
            "module.aurora_postgresql_v2.aws_rds_cluster_endpoint.this",
            "module.aurora_postgresql_v2.aws_rds_cluster_instance.this",
            "module.aurora_postgresql_v2.aws_rds_cluster_parameter_group.this",
            "module.aurora_postgresql_v2.aws_rds_cluster_role_association.this",
            "module.aurora_postgresql_v2.aws_secretsmanager_secret_rotation.this",
            "module.aurora_postgresql_v2.aws_security_group.this",
            "module.aurora_postgresql_v2.aws_security_group_rule.this",
            "module.aurora_postgresql_v2.data.aws_iam_policy_document.monitoring_rds_assume_role",
            "module.aurora_postgresql_v2.data.aws_partition.current",
            "module.genai_document_bucket.aws_s3_bucket.this",
            "module.genai_document_bucket.aws_s3_bucket_policy.this",
            "module.genai_document_bucket.aws_s3_bucket_public_access_block.this",
            "module.genai_document_bucket.data.aws_caller_identity.current",
            "module.genai_document_bucket.data.aws_iam_policy_document.access_log_delivery",
            "module.genai_document_bucket.data.aws_iam_policy_document.combined",
            "module.genai_document_bucket.data.aws_iam_policy_document.deny_incorrect_encryption_headers",
            "module.genai_document_bucket.data.aws_iam_policy_document.deny_incorrect_kms_key_sse",
            "module.genai_document_bucket.data.aws_iam_policy_document.deny_insecure_transport",
            "module.genai_document_bucket.data.aws_iam_policy_document.deny_unencrypted_object_uploads",
            "module.genai_document_bucket.data.aws_iam_policy_document.elb_log_delivery",
            "module.genai_document_bucket.data.aws_iam_policy_document.inventory_and_analytics_destination_policy",
            "module.genai_document_bucket.data.aws_iam_policy_document.lb_log_delivery",
            "module.genai_document_bucket.data.aws_iam_policy_document.require_latest_tls",
            "module.genai_document_bucket.data.aws_partition.current",
            "module.genai_document_bucket.data.aws_region.current",
            "module.vector_store_bedrock_secret.aws_secretsmanager_secret.this",
            "module.vpc.aws_db_subnet_group.database",
            "module.vpc.aws_subnet.database",
            "module.vpc.aws_subnet.private",
            "module.vpc.aws_vpc.this",
            "module.vpc.aws_vpc_ipv4_cidr_block_association.this",
            "random_pet.this"
          ],
          "create_before_destroy": true
        }
      ]
    },
    {
      "module": "module.aurora_postgresql_v2",
      "mode": "data",
      "type": "aws_partition",
      "name": "current",
      "provider": "provider[\"registry.terraform.io/hashicorp/aws\"]",
      "instances": [
        {
          "schema_version": 0,
          "attributes": {
            "dns_suffix": "amazonaws.com",
            "id": "aws",
            "partition": "aws",
            "reverse_dns_prefix": "com.amazonaws"
          },
          "sensitive_attributes": [],
          "identity_schema_version": 0
        }
      ]
    },
    {
      "module": "module.aurora_postgresql_v2",
      "mode": "managed",
      "type": "aws_rds_cluster",
      "name": "this",
      "provider": "provider[\"registry.terraform.io/hashicorp/aws\"]",
      "instances": [
        {
          "index_key": 0,
          "schema_version": 1,
          "attributes": {
            "allocated_storage": 1,
            "allow_major_version_upgrade": false,
            "apply_immediately": true,
            "arn": "arn:aws:rds:us-east-1:054037138392:cluster:genai-bedrock-vector-store-immune-hen",
            "availability_zones": [
              "us-east-1a",
              "us-east-1b",
              "us-east-1c"
            ],
            "backtrack_window": 0,
            "backup_retention_period": 1,
            "ca_certificate_identifier": null,
            "ca_certificate_valid_till": null,
            "cluster_identifier": "genai-bedrock-vector-store-immune-hen",
            "cluster_identifier_prefix": "",
            "cluster_members": [
              "genai-bedrock-vector-store-immune-hen-one"
            ],
            "cluster_resource_id": "cluster-55UB523ZGVWXSJIO2FDZRVZ6IQ",
            "cluster_scalability_type": "",
            "copy_tags_to_snapshot": false,
            "database_insights_mode": "standard",
            "database_name": null,
            "db_cluster_instance_class": "",
            "db_cluster_parameter_group_name": "default.aurora-postgresql16",
            "db_instance_parameter_group_name": null,
            "db_subnet_group_name": "genai-vpc-immune-hen",
            "db_system_id": "",
            "delete_automated_backups": true,
            "deletion_protection": false,
            "domain": "",
            "domain_iam_role_name": "",
            "enable_global_write_forwarding": false,
            "enable_http_endpoint": true,
            "enable_local_write_forwarding": false,
            "enabled_cloudwatch_logs_exports": [],
            "endpoint": "genai-bedrock-vector-store-immune-hen.cluster-c232m6ykonqb.us-east-1.rds.amazonaws.com",
            "engine": "aurora-postgresql",
            "engine_lifecycle_support": "open-source-rds-extended-support",
            "engine_mode": "provisioned",
            "engine_version": "16.1",
            "engine_version_actual": "16.1",
            "final_snapshot_identifier": null,
            "global_cluster_identifier": "",
            "hosted_zone_id": "Z2R2ITUGPM61AM",
            "iam_database_authentication_enabled": false,
            "iam_roles": [
              "arn:aws:iam::054037138392:role/genai-cluster-role-immune-hen"
            ],
            "id": "genai-bedrock-vector-store-immune-hen",
            "iops": 0,
            "kms_key_id": "arn:aws:kms:us-east-1:054037138392:key/f94bd039-e1f9-4962-aced-fb0b77e2af78",
            "manage_master_user_password": true,
            "master_password": null,
            "master_password_wo": null,
            "master_password_wo_version": null,
            "master_user_secret": [
              {
                "kms_key_id": "arn:aws:kms:us-east-1:054037138392:key/830f2eac-795a-4d49-a4f6-1dbb97e28794",
                "secret_arn": "arn:aws:secretsmanager:us-east-1:054037138392:secret:rds!cluster-6e33277c-bb2f-448d-81f4-ae0e5bea85da-mHy035",
                "secret_status": "active"
              }
            ],
            "master_user_secret_kms_key_id": null,
            "master_username": "postgres",
            "monitoring_interval": 0,
            "monitoring_role_arn": "",
            "network_type": "IPV4",
            "performance_insights_enabled": false,
            "performance_insights_kms_key_id": "",
            "performance_insights_retention_period": 0,
            "port": 5432,
            "preferred_backup_window": "02:00-03:00",
            "preferred_maintenance_window": "sun:05:00-sun:06:00",
            "reader_endpoint": "genai-bedrock-vector-store-immune-hen.cluster-ro-c232m6ykonqb.us-east-1.rds.amazonaws.com",
            "region": "us-east-1",
            "replication_source_identifier": "",
            "restore_to_point_in_time": [],
            "s3_import": [],
            "scaling_configuration": [],
            "serverlessv2_scaling_configuration": [
              {
                "max_capacity": 10,
                "min_capacity": 2,
                "seconds_until_auto_pause": 0
              }
            ],
            "skip_final_snapshot": true,
            "snapshot_identifier": null,
            "source_region": null,
            "storage_encrypted": true,
            "storage_type": "",
            "tags": {
              "Application": "set-genai-aws-workshop"
            },
            "tags_all": {
              "Application": "set-genai-aws-workshop"
            },
            "timeouts": {
              "create": null,
              "delete": null,
              "update": null
            },
            "vpc_security_group_ids": [
              "sg-0dcb39f0b5b045fb5"
            ]
          },
          "sensitive_attributes": [
            [
              {
                "type": "get_attr",
                "value": "master_password"
              }
            ],
            [
              {
                "type": "get_attr",
                "value": "master_password_wo"
              }
            ]
          ],
          "identity_schema_version": 0,
          "private": "eyJlMmJmYjczMC1lY2FhLTExZTYtOGY4OC0zNDM2M2JjN2M0YzAiOnsiY3JlYXRlIjo3MjAwMDAwMDAwMDAwLCJkZWxldGUiOjcyMDAwMDAwMDAwMDAsInVwZGF0ZSI6NzIwMDAwMDAwMDAwMH0sInNjaGVtYV92ZXJzaW9uIjoiMSJ9",
          "dependencies": [
            "data.aws_availability_zones.available",
            "module.aurora_postgresql_v2.aws_cloudwatch_log_group.this",
            "module.aurora_postgresql_v2.aws_db_subnet_group.this",
            "module.aurora_postgresql_v2.aws_rds_cluster_parameter_group.this",
            "module.aurora_postgresql_v2.aws_security_group.this",
            "module.vpc.aws_db_subnet_group.database",
            "module.vpc.aws_subnet.database",
            "module.vpc.aws_vpc.this",
            "module.vpc.aws_vpc_ipv4_cidr_block_association.this",
            "random_pet.this"
          ],
          "create_before_destroy": true
        }
      ]
    },
    {
      "module": "module.aurora_postgresql_v2",
      "mode": "managed",
      "type": "aws_rds_cluster_instance",
      "name": "this",
      "provider": "provider[\"registry.terraform.io/hashicorp/aws\"]",
      "instances": [
        {
          "index_key": "one",
          "schema_version": 0,
          "attributes": {
            "apply_immediately": true,
            "arn": "arn:aws:rds:us-east-1:054037138392:db:genai-bedrock-vector-store-immune-hen-one",
            "auto_minor_version_upgrade": true,
            "availability_zone": "us-east-1a",
            "ca_cert_identifier": "rds-ca-rsa2048-g1",
            "cluster_identifier": "genai-bedrock-vector-store-immune-hen",
            "copy_tags_to_snapshot": false,
            "custom_iam_instance_profile": "",
            "db_parameter_group_name": "default.aurora-postgresql16",
            "db_subnet_group_name": "genai-vpc-immune-hen",
            "dbi_resource_id": "db-PEELXB32RZMG7WTH2YWSFHQMOI",
            "endpoint": "genai-bedrock-vector-store-immune-hen-one.c232m6ykonqb.us-east-1.rds.amazonaws.com",
            "engine": "aurora-postgresql",
            "engine_version": "16.1",
            "engine_version_actual": "16.1",
            "force_destroy": false,
            "id": "genai-bedrock-vector-store-immune-hen-one",
            "identifier": "genai-bedrock-vector-store-immune-hen-one",
            "identifier_prefix": "",
            "instance_class": "db.serverless",
            "kms_key_id": "arn:aws:kms:us-east-1:054037138392:key/f94bd039-e1f9-4962-aced-fb0b77e2af78",
            "monitoring_interval": 0,
            "monitoring_role_arn": "",
            "network_type": "IPV4",
            "performance_insights_enabled": false,
            "performance_insights_kms_key_id": "",
            "performance_insights_retention_period": 0,
            "port": 5432,
            "preferred_backup_window": "02:00-03:00",
            "preferred_maintenance_window": "sun:05:00-sun:06:00",
            "promotion_tier": 0,
            "publicly_accessible": false,
            "region": "us-east-1",
            "storage_encrypted": true,
            "tags": {
              "Application": "set-genai-aws-workshop"
            },
            "tags_all": {
              "Application": "set-genai-aws-workshop"
            },
            "timeouts": {
              "create": null,
              "delete": null,
              "update": null
            },
            "writer": true
          },
          "sensitive_attributes": [],
          "identity_schema_version": 0,
          "private": "eyJlMmJmYjczMC1lY2FhLTExZTYtOGY4OC0zNDM2M2JjN2M0YzAiOnsiY3JlYXRlIjo1NDAwMDAwMDAwMDAwLCJkZWxldGUiOjU0MDAwMDAwMDAwMDAsInVwZGF0ZSI6NTQwMDAwMDAwMDAwMH19",
          "dependencies": [
            "data.aws_availability_zones.available",
            "module.aurora_postgresql_v2.aws_cloudwatch_log_group.this",
            "module.aurora_postgresql_v2.aws_db_parameter_group.this",
            "module.aurora_postgresql_v2.aws_db_subnet_group.this",
            "module.aurora_postgresql_v2.aws_iam_role.rds_enhanced_monitoring",
            "module.aurora_postgresql_v2.aws_rds_cluster.this",
            "module.aurora_postgresql_v2.aws_rds_cluster_parameter_group.this",
            "module.aurora_postgresql_v2.aws_security_group.this",
            "module.aurora_postgresql_v2.data.aws_iam_policy_document.monitoring_rds_assume_role",
            "module.vpc.aws_db_subnet_group.database",
            "module.vpc.aws_subnet.database",
            "module.vpc.aws_vpc.this",
            "module.vpc.aws_vpc_ipv4_cidr_block_association.this",
            "random_pet.this"
          ],
          "create_before_destroy": true
        }
      ]
    },
    {
      "module": "module.aurora_postgresql_v2",
      "mode": "managed",
      "type": "aws_rds_cluster_role_association",
      "name": "this",
      "provider": "provider[\"registry.terraform.io/hashicorp/aws\"]",
      "instances": [
        {
          "index_key": "rds_cluster_role",
          "schema_version": 0,
          "attributes": {
            "db_cluster_identifier": "genai-bedrock-vector-store-immune-hen",
            "feature_name": "SageMaker",
            "id": "genai-bedrock-vector-store-immune-hen,arn:aws:iam::054037138392:role/genai-cluster-role-immune-hen",
            "region": "us-east-1",
            "role_arn": "arn:aws:iam::054037138392:role/genai-cluster-role-immune-hen",
            "timeouts": null
          },
          "sensitive_attributes": [],
          "identity_schema_version": 0,
          "private": "eyJlMmJmYjczMC1lY2FhLTExZTYtOGY4OC0zNDM2M2JjN2M0YzAiOnsiY3JlYXRlIjo2MDAwMDAwMDAwMDAsImRlbGV0ZSI6NjAwMDAwMDAwMDAwfX0=",
          "dependencies": [
            "aws_iam_role.vector_store_cluster_role",
            "data.aws_availability_zones.available",
            "module.aurora_postgresql_v2.aws_cloudwatch_log_group.this",
            "module.aurora_postgresql_v2.aws_db_subnet_group.this",
            "module.aurora_postgresql_v2.aws_rds_cluster.this",
            "module.aurora_postgresql_v2.aws_rds_cluster_parameter_group.this",
            "module.aurora_postgresql_v2.aws_security_group.this",
            "module.vpc.aws_db_subnet_group.database",
            "module.vpc.aws_subnet.database",
            "module.vpc.aws_vpc.this",
            "module.vpc.aws_vpc_ipv4_cidr_block_association.this",
            "random_pet.this"
          ],
          "create_before_destroy": true
        }
      ]
    },
    {
      "module": "module.aurora_postgresql_v2",
      "mode": "managed",
      "type": "aws_security_group",
      "name": "this",
      "provider": "provider[\"registry.terraform.io/hashicorp/aws\"]",
      "instances": [
        {
          "index_key": 0,
          "schema_version": 1,
          "attributes": {
            "arn": "arn:aws:ec2:us-east-1:054037138392:security-group/sg-0dcb39f0b5b045fb5",
            "description": "Control traffic to/from RDS Aurora genai-bedrock-vector-store-immune-hen",
            "egress": [],
            "id": "sg-0dcb39f0b5b045fb5",
            "ingress": [
              {
                "cidr_blocks": [
                  "10.0.3.0/24",
                  "10.0.4.0/24",
                  "10.0.5.0/24"
                ],
                "description": "",
                "from_port": 5432,
                "ipv6_cidr_blocks": [],
                "prefix_list_ids": [],
                "protocol": "tcp",
                "security_groups": [],
                "self": false,
                "to_port": 5432
              }
            ],
            "name": "genai-bedrock-vector-store-immune-hen-20250706110810204900000002",
            "name_prefix": "genai-bedrock-vector-store-immune-hen-",
            "owner_id": "054037138392",
            "region": "us-east-1",
            "revoke_rules_on_delete": false,
            "tags": {
              "Application": "set-genai-aws-workshop",
              "Name": "genai-bedrock-vector-store-immune-hen"
            },
            "tags_all": {
              "Application": "set-genai-aws-workshop",
              "Name": "genai-bedrock-vector-store-immune-hen"
            },
            "timeouts": null,
            "vpc_id": "vpc-09b85ac8b5c7b1f0f"
          },
          "sensitive_attributes": [],
          "identity_schema_version": 0,
          "private": "eyJlMmJmYjczMC1lY2FhLTExZTYtOGY4OC0zNDM2M2JjN2M0YzAiOnsiY3JlYXRlIjo2MDAwMDAwMDAwMDAsImRlbGV0ZSI6OTAwMDAwMDAwMDAwfSwic2NoZW1hX3ZlcnNpb24iOiIxIn0=",
          "dependencies": [
            "module.vpc.aws_vpc.this",
            "random_pet.this"
          ],
          "create_before_destroy": true
        }
      ]
    },
    {
      "module": "module.aurora_postgresql_v2",
      "mode": "managed",
      "type": "aws_security_group_rule",
      "name": "this",
      "provider": "provider[\"registry.terraform.io/hashicorp/aws\"]",
      "instances": [
        {
          "index_key": "vpc_ingress",
          "schema_version": 2,
          "attributes": {
            "cidr_blocks": [
              "10.0.3.0/24",
              "10.0.4.0/24",
              "10.0.5.0/24"
            ],
            "description": null,
            "from_port": 5432,
            "id": "sgrule-2987556975",
            "ipv6_cidr_blocks": null,
            "prefix_list_ids": null,
            "protocol": "tcp",
            "region": "us-east-1",
            "security_group_id": "sg-0dcb39f0b5b045fb5",
            "security_group_rule_id": "",
            "self": false,
            "source_security_group_id": null,
            "timeouts": null,
            "to_port": 5432,
            "type": "ingress"
          },
          "sensitive_attributes": [],
          "identity_schema_version": 0,
          "private": "eyJlMmJmYjczMC1lY2FhLTExZTYtOGY4OC0zNDM2M2JjN2M0YzAiOnsiY3JlYXRlIjozMDAwMDAwMDAwMDB9LCJzY2hlbWFfdmVyc2lvbiI6IjIifQ==",
          "dependencies": [
            "data.aws_availability_zones.available",
            "module.aurora_postgresql_v2.aws_security_group.this",
            "module.vpc.aws_subnet.private",
            "module.vpc.aws_vpc.this",
            "module.vpc.aws_vpc_ipv4_cidr_block_association.this",
            "random_pet.this"
          ],
          "create_before_destroy": true
        }
      ]
    },
    {
      "module": "module.genai_document_bucket",
      "mode": "data",
      "type": "aws_caller_identity",
      "name": "current",
      "provider": "provider[\"registry.terraform.io/hashicorp/aws\"]",
      "instances": [
        {
          "schema_version": 0,
          "attributes": {
            "account_id": "054037138392",
            "arn": "arn:aws:iam::054037138392:user/Alex",
            "id": "054037138392",
            "user_id": "AIDAQZFG5JPMGHJH76PC2"
          },
          "sensitive_attributes": [],
          "identity_schema_version": 0
        }
      ]
    },
    {
      "module": "module.genai_document_bucket",
      "mode": "data",
      "type": "aws_partition",
      "name": "current",
      "provider": "provider[\"registry.terraform.io/hashicorp/aws\"]",
      "instances": [
        {
          "schema_version": 0,
          "attributes": {
            "dns_suffix": "amazonaws.com",
            "id": "aws",
            "partition": "aws",
            "reverse_dns_prefix": "com.amazonaws"
          },
          "sensitive_attributes": [],
          "identity_schema_version": 0
        }
      ]
    },
    {
      "module": "module.genai_document_bucket",
      "mode": "data",
      "type": "aws_region",
      "name": "current",
      "provider": "provider[\"registry.terraform.io/hashicorp/aws\"]",
      "instances": [
        {
          "schema_version": 0,
          "attributes": {
            "description": "US East (N. Virginia)",
            "endpoint": "ec2.us-east-1.amazonaws.com",
            "id": "us-east-1",
            "name": "us-east-1",
            "region": "us-east-1"
          },
          "sensitive_attributes": [],
          "identity_schema_version": 0
        }
      ]
    },
    {
      "module": "module.genai_document_bucket",
      "mode": "managed",
      "type": "aws_s3_bucket",
      "name": "this",
      "provider": "provider[\"registry.terraform.io/hashicorp/aws\"]",
      "instances": [
        {
          "index_key": 0,
          "schema_version": 0,
          "attributes": {
            "acceleration_status": "",
            "acl": null,
            "arn": "arn:aws:s3:::genai-bedrock-vector-store-immune-hen",
            "bucket": "genai-bedrock-vector-store-immune-hen",
            "bucket_domain_name": "genai-bedrock-vector-store-immune-hen.s3.amazonaws.com",
            "bucket_prefix": "",
            "bucket_region": "us-east-1",
            "bucket_regional_domain_name": "genai-bedrock-vector-store-immune-hen.s3.us-east-1.amazonaws.com",
            "cors_rule": [],
            "force_destroy": true,
            "grant": [
              {
                "id": "cd9b480c6a7db249e911b6b2e7c71197097b40cb704657c941405b2decfddd0f",
                "permissions": [
                  "FULL_CONTROL"
                ],
                "type": "CanonicalUser",
                "uri": ""
              }
            ],
            "hosted_zone_id": "Z3AQBSTGFYJSTF",
            "id": "genai-bedrock-vector-store-immune-hen",
            "lifecycle_rule": [],
            "logging": [],
            "object_lock_configuration": [],
            "object_lock_enabled": false,
            "policy": "",
            "region": "us-east-1",
            "replication_configuration": [],
            "request_payer": "BucketOwner",
            "server_side_encryption_configuration": [
              {
                "rule": [
                  {
                    "apply_server_side_encryption_by_default": [
                      {
                        "kms_master_key_id": "",
                        "sse_algorithm": "AES256"
                      }
                    ],
                    "bucket_key_enabled": false
                  }
                ]
              }
            ],
            "tags": {
              "Application": "set-genai-aws-workshop"
            },
            "tags_all": {
              "Application": "set-genai-aws-workshop"
            },
            "timeouts": null,
            "versioning": [
              {
                "enabled": false,
                "mfa_delete": false
              }
            ],
            "website": [],
            "website_domain": null,
            "website_endpoint": null
          },
          "sensitive_attributes": [],
          "identity_schema_version": 0,
          "identity": {
            "account_id": "054037138392",
            "bucket": "genai-bedrock-vector-store-immune-hen",
            "region": "us-east-1"
          },
          "private": "eyJlMmJmYjczMC1lY2FhLTExZTYtOGY4OC0zNDM2M2JjN2M0YzAiOnsiY3JlYXRlIjoxMjAwMDAwMDAwMDAwLCJkZWxldGUiOjM2MDAwMDAwMDAwMDAsInJlYWQiOjEyMDAwMDAwMDAwMDAsInVwZGF0ZSI6MTIwMDAwMDAwMDAwMH19",
          "dependencies": [
            "random_pet.this"
          ],
          "create_before_destroy": true
        }
      ]
    },
    {
      "module": "module.genai_document_bucket",
      "mode": "managed",
      "type": "aws_s3_bucket_public_access_block",
      "name": "this",
      "provider": "provider[\"registry.terraform.io/hashicorp/aws\"]",
      "instances": [
        {
          "index_key": 0,
          "schema_version": 0,
          "attributes": {
            "block_public_acls": true,
            "block_public_policy": true,
            "bucket": "genai-bedrock-vector-store-immune-hen",
            "id": "genai-bedrock-vector-store-immune-hen",
            "ignore_public_acls": true,
            "region": "us-east-1",
            "restrict_public_buckets": true
          },
          "sensitive_attributes": [],
          "identity_schema_version": 0,
          "private": "bnVsbA==",
          "dependencies": [
            "module.genai_document_bucket.aws_s3_bucket.this",
            "random_pet.this"
          ],
          "create_before_destroy": true
        }
      ]
    },
    {
      "module": "module.lambda_function",
      "mode": "data",
      "type": "aws_caller_identity",
      "name": "current",
      "provider": "provider[\"registry.terraform.io/hashicorp/aws\"]",
      "instances": [
        {
          "schema_version": 0,
          "attributes": {
            "account_id": "054037138392",
            "arn": "arn:aws:iam::054037138392:user/Alex",
            "id": "054037138392",
            "user_id": "AIDAQZFG5JPMGHJH76PC2"
          },
          "sensitive_attributes": [],
          "identity_schema_version": 0
        }
      ]
    },
    {
      "module": "module.lambda_function",
      "mode": "data",
      "type": "aws_iam_policy_document",
      "name": "additional_inline",
      "provider": "provider[\"registry.terraform.io/hashicorp/aws\"]",
      "instances": [
        {
          "index_key": 0,
          "schema_version": 0,
          "attributes": {
            "id": "33210194",
            "json": "{\n  \"Version\": \"2012-10-17\",\n  \"Statement\": [\n    {\n      \"Sid\": \"invokebedrockmodel\",\n      \"Effect\": \"Allow\",\n      \"Action\": \"bedrock:InvokeModel\",\n      \"Resource\": \"arn:aws:bedrock:us-east-1::foundation-model/anthropic.claude-3-5-sonnet-20240620-v1:0\"\n    },\n    {\n      \"Sid\": \"retrieveandgenerate\",\n      \"Effect\": \"Allow\",\n      \"Action\": [\n        \"bedrock:RetrieveAndGenerate\",\n        \"bedrock:Retrieve\"\n      ],\n      \"Resource\": \"arn:aws:bedrock:us-east-1:054037138392:knowledge-base/JMGR40LDEB\"\n    }\n  ]\n}",
            "minified_json": "{\"Version\":\"2012-10-17\",\"Statement\":[{\"Sid\":\"invokebedrockmodel\",\"Effect\":\"Allow\",\"Action\":\"bedrock:InvokeModel\",\"Resource\":\"arn:aws:bedrock:us-east-1::foundation-model/anthropic.claude-3-5-sonnet-20240620-v1:0\"},{\"Sid\":\"retrieveandgenerate\",\"Effect\":\"Allow\",\"Action\":[\"bedrock:RetrieveAndGenerate\",\"bedrock:Retrieve\"],\"Resource\":\"arn:aws:bedrock:us-east-1:054037138392:knowledge-base/JMGR40LDEB\"}]}",
            "override_json": null,
            "override_policy_documents": null,
            "policy_id": null,
            "source_json": null,
            "source_policy_documents": null,
            "statement": [
              {
                "actions": [
                  "bedrock:InvokeModel"
                ],
                "condition": [],
                "effect": "Allow",
                "not_actions": [],
                "not_principals": [],
                "not_resources": [],
                "principals": [],
                "resources": [
                  "arn:aws:bedrock:us-east-1::foundation-model/anthropic.claude-3-5-sonnet-20240620-v1:0"
                ],
                "sid": "invokebedrockmodel"
              },
              {
                "actions": [
                  "bedrock:Retrieve",
                  "bedrock:RetrieveAndGenerate"
                ],
                "condition": [],
                "effect": "Allow",
                "not_actions": [],
                "not_principals": [],
                "not_resources": [],
                "principals": [],
                "resources": [
                  "arn:aws:bedrock:us-east-1:054037138392:knowledge-base/JMGR40LDEB"
                ],
                "sid": "retrieveandgenerate"
              }
            ],
            "version": "2012-10-17"
          },
          "sensitive_attributes": [],
          "identity_schema_version": 0
        }
      ]
    },
    {
      "module": "module.lambda_function",
      "mode": "data",
      "type": "aws_iam_policy_document",
      "name": "assume_role",
      "provider": "provider[\"registry.terraform.io/hashicorp/aws\"]",
      "instances": [
        {
          "index_key": 0,
          "schema_version": 0,
          "attributes": {
            "id": "2690255455",
            "json": "{\n  \"Version\": \"2012-10-17\",\n  \"Statement\": [\n    {\n      \"Effect\": \"Allow\",\n      \"Action\": \"sts:AssumeRole\",\n      \"Principal\": {\n        \"Service\": \"lambda.amazonaws.com\"\n      }\n    }\n  ]\n}",
            "minified_json": "{\"Version\":\"2012-10-17\",\"Statement\":[{\"Effect\":\"Allow\",\"Action\":\"sts:AssumeRole\",\"Principal\":{\"Service\":\"lambda.amazonaws.com\"}}]}",
            "override_json": null,
            "override_policy_documents": null,
            "policy_id": null,
            "source_json": null,
            "source_policy_documents": null,
            "statement": [
              {
                "actions": [
                  "sts:AssumeRole"
                ],
                "condition": [],
                "effect": "Allow",
                "not_actions": [],
                "not_principals": [],
                "not_resources": [],
                "principals": [
                  {
                    "identifiers": [
                      "lambda.amazonaws.com"
                    ],
                    "type": "Service"
                  }
                ],
                "resources": [],
                "sid": ""
              }
            ],
            "version": "2012-10-17"
          },
          "sensitive_attributes": [],
          "identity_schema_version": 0
        }
      ]
    },
    {
      "module": "module.lambda_function",
      "mode": "data",
      "type": "aws_iam_policy_document",
      "name": "logs",
      "provider": "provider[\"registry.terraform.io/hashicorp/aws\"]",
      "instances": [
        {
          "index_key": 0,
          "schema_version": 0,
          "attributes": {
            "id": "488449480",
            "json": "{\n  \"Version\": \"2012-10-17\",\n  \"Statement\": [\n    {\n      \"Effect\": \"Allow\",\n      \"Action\": [\n        \"logs:PutLogEvents\",\n        \"logs:CreateLogStream\",\n        \"logs:CreateLogGroup\"\n      ],\n      \"Resource\": [\n        \"arn:aws:logs:us-east-1:054037138392:log-group:/aws/lambda/bedrock-lambda-function-immune-hen:*:*\",\n        \"arn:aws:logs:us-east-1:054037138392:log-group:/aws/lambda/bedrock-lambda-function-immune-hen:*\"\n      ]\n    }\n  ]\n}",
            "minified_json": "{\"Version\":\"2012-10-17\",\"Statement\":[{\"Effect\":\"Allow\",\"Action\":[\"logs:PutLogEvents\",\"logs:CreateLogStream\",\"logs:CreateLogGroup\"],\"Resource\":[\"arn:aws:logs:us-east-1:054037138392:log-group:/aws/lambda/bedrock-lambda-function-immune-hen:*:*\",\"arn:aws:logs:us-east-1:054037138392:log-group:/aws/lambda/bedrock-lambda-function-immune-hen:*\"]}]}",
            "override_json": null,
            "override_policy_documents": null,
            "policy_id": null,
            "source_json": null,
            "source_policy_documents": null,
            "statement": [
              {
                "actions": [
                  "logs:CreateLogGroup",
                  "logs:CreateLogStream",
                  "logs:PutLogEvents"
                ],
                "condition": [],
                "effect": "Allow",
                "not_actions": [],
                "not_principals": [],
                "not_resources": [],
                "principals": [],
                "resources": [
                  "arn:aws:logs:us-east-1:054037138392:log-group:/aws/lambda/bedrock-lambda-function-immune-hen:*",
                  "arn:aws:logs:us-east-1:054037138392:log-group:/aws/lambda/bedrock-lambda-function-immune-hen:*:*"
                ],
                "sid": ""
              }
            ],
            "version": "2012-10-17"
          },
          "sensitive_attributes": [],
          "identity_schema_version": 0
        }
      ]
    },
    {
      "module": "module.lambda_function",
      "mode": "data",
      "type": "aws_partition",
      "name": "current",
      "provider": "provider[\"registry.terraform.io/hashicorp/aws\"]",
      "instances": [
        {
          "schema_version": 0,
          "attributes": {
            "dns_suffix": "amazonaws.com",
            "id": "aws",
            "partition": "aws",
            "reverse_dns_prefix": "com.amazonaws"
          },
          "sensitive_attributes": [],
          "identity_schema_version": 0
        }
      ]
    },
    {
      "module": "module.lambda_function",
      "mode": "data",
      "type": "aws_region",
      "name": "current",
      "provider": "provider[\"registry.terraform.io/hashicorp/aws\"]",
      "instances": [
        {
          "schema_version": 0,
          "attributes": {
            "description": "US East (N. Virginia)",
            "endpoint": "ec2.us-east-1.amazonaws.com",
            "id": "us-east-1",
            "name": "us-east-1",
            "region": "us-east-1"
          },
          "sensitive_attributes": [],
          "identity_schema_version": 0
        }
      ]
    },
    {
      "module": "module.lambda_function",
      "mode": "data",
      "type": "external",
      "name": "archive_prepare",
      "provider": "provider[\"registry.terraform.io/hashicorp/external\"]",
      "instances": [
        {
          "index_key": 0,
          "schema_version": 0,
          "attributes": {
            "id": "-",
            "program": [
              "python.exe",
              ".terraform/modules/lambda_function/package.py",
              "prepare"
            ],
            "query": {
              "artifacts_dir": "builds",
              "docker": null,
              "hash_extra": "",
              "hash_extra_paths": "[]",
              "paths": "{\"cwd\":\"D:/python_projects/genai-workshops/Building GenAI application with AWS Workshop\",\"module\":\".terraform/modules/lambda_function\",\"root\":\".\"}",
              "recreate_missing_package": "true",
              "runtime": "python3.9",
              "source_path": "\"./src\""
            },
            "result": {
              "build_plan": "{\"filename\": \"builds\\\\39cc68c3203f0290f96a401492569e6a6ca564177ee22d6f6e4eeb8071b6fcd7.zip\", \"runtime\": \"python3.9\", \"artifacts_dir\": \"builds\", \"build_plan\": [[\"zip\", \"./src\", null]]}",
              "build_plan_filename": "builds\\39cc68c3203f0290f96a401492569e6a6ca564177ee22d6f6e4eeb8071b6fcd7.plan.json",
              "filename": "builds\\39cc68c3203f0290f96a401492569e6a6ca564177ee22d6f6e4eeb8071b6fcd7.zip",
              "timestamp": "1751802610019720000",
              "was_missing": "true"
            },
            "working_dir": null
          },
          "sensitive_attributes": [],
          "identity_schema_version": 0
        }
      ]
    },
    {
      "module": "module.lambda_function",
      "mode": "managed",
      "type": "aws_cloudwatch_log_group",
      "name": "lambda",
      "provider": "provider[\"registry.terraform.io/hashicorp/aws\"]",
      "instances": [
        {
          "index_key": 0,
          "schema_version": 0,
          "attributes": {
            "arn": "arn:aws:logs:us-east-1:054037138392:log-group:/aws/lambda/bedrock-lambda-function-immune-hen",
            "id": "/aws/lambda/bedrock-lambda-function-immune-hen",
            "kms_key_id": "",
            "log_group_class": "STANDARD",
            "name": "/aws/lambda/bedrock-lambda-function-immune-hen",
            "name_prefix": "",
            "region": "us-east-1",
            "retention_in_days": 0,
            "skip_destroy": false,
            "tags": {
              "Application": "set-genai-aws-workshop"
            },
            "tags_all": {
              "Application": "set-genai-aws-workshop"
            }
          },
          "sensitive_attributes": [],
          "identity_schema_version": 0,
          "private": "bnVsbA==",
          "dependencies": [
            "aws_iam_role.bedrock_service_role",
            "aws_iam_role.vector_store_cluster_role",
            "aws_iam_role_policy.bedrock_service_role_policy",
            "awscc_bedrock_knowledge_base.genai-bedrock-kb",
            "data.aws_availability_zones.available",
            "data.aws_caller_identity.current",
            "module.aurora_postgresql_v2.aws_appautoscaling_policy.this",
            "module.aurora_postgresql_v2.aws_appautoscaling_target.this",
            "module.aurora_postgresql_v2.aws_cloudwatch_log_group.this",
            "module.aurora_postgresql_v2.aws_db_parameter_group.this",
            "module.aurora_postgresql_v2.aws_db_subnet_group.this",
            "module.aurora_postgresql_v2.aws_iam_role.rds_enhanced_monitoring",
            "module.aurora_postgresql_v2.aws_iam_role_policy_attachment.rds_enhanced_monitoring",
            "module.aurora_postgresql_v2.aws_rds_cluster.this",
            "module.aurora_postgresql_v2.aws_rds_cluster_activity_stream.this",
            "module.aurora_postgresql_v2.aws_rds_cluster_endpoint.this",
            "module.aurora_postgresql_v2.aws_rds_cluster_instance.this",
            "module.aurora_postgresql_v2.aws_rds_cluster_parameter_group.this",
            "module.aurora_postgresql_v2.aws_rds_cluster_role_association.this",
            "module.aurora_postgresql_v2.aws_secretsmanager_secret_rotation.this",
            "module.aurora_postgresql_v2.aws_security_group.this",
            "module.aurora_postgresql_v2.aws_security_group_rule.this",
            "module.aurora_postgresql_v2.data.aws_iam_policy_document.monitoring_rds_assume_role",
            "module.aurora_postgresql_v2.data.aws_partition.current",
            "module.genai_document_bucket.aws_s3_bucket.this",
            "module.genai_document_bucket.aws_s3_bucket_policy.this",
            "module.genai_document_bucket.aws_s3_bucket_public_access_block.this",
            "module.genai_document_bucket.data.aws_caller_identity.current",
            "module.genai_document_bucket.data.aws_iam_policy_document.access_log_delivery",
            "module.genai_document_bucket.data.aws_iam_policy_document.combined",
            "module.genai_document_bucket.data.aws_iam_policy_document.deny_incorrect_encryption_headers",
            "module.genai_document_bucket.data.aws_iam_policy_document.deny_incorrect_kms_key_sse",
            "module.genai_document_bucket.data.aws_iam_policy_document.deny_insecure_transport",
            "module.genai_document_bucket.data.aws_iam_policy_document.deny_unencrypted_object_uploads",
            "module.genai_document_bucket.data.aws_iam_policy_document.elb_log_delivery",
            "module.genai_document_bucket.data.aws_iam_policy_document.inventory_and_analytics_destination_policy",
            "module.genai_document_bucket.data.aws_iam_policy_document.lb_log_delivery",
            "module.genai_document_bucket.data.aws_iam_policy_document.require_latest_tls",
            "module.genai_document_bucket.data.aws_partition.current",
            "module.genai_document_bucket.data.aws_region.current",
            "module.vector_store_bedrock_secret.aws_secretsmanager_secret.this",
            "module.vpc.aws_db_subnet_group.database",
            "module.vpc.aws_subnet.database",
            "module.vpc.aws_subnet.private",
            "module.vpc.aws_vpc.this",
            "module.vpc.aws_vpc_ipv4_cidr_block_association.this",
            "random_pet.this",
            "time_sleep.bedrock_role"
          ],
          "create_before_destroy": true
        }
      ]
    },
    {
      "module": "module.lambda_function",
      "mode": "managed",
      "type": "aws_iam_policy",
      "name": "additional_inline",
      "provider": "provider[\"registry.terraform.io/hashicorp/aws\"]",
      "instances": [
        {
          "index_key": 0,
          "schema_version": 0,
          "attributes": {
            "arn": "arn:aws:iam::054037138392:policy/bedrock-lambda-function-immune-hen-inline",
            "attachment_count": 0,
            "description": "",
            "id": "arn:aws:iam::054037138392:policy/bedrock-lambda-function-immune-hen-inline",
            "name": "bedrock-lambda-function-immune-hen-inline",
            "name_prefix": "",
            "path": "/",
            "policy": "{\"Statement\":[{\"Action\":\"bedrock:InvokeModel\",\"Effect\":\"Allow\",\"Resource\":\"arn:aws:bedrock:us-east-1::foundation-model/anthropic.claude-3-5-sonnet-20240620-v1:0\",\"Sid\":\"invokebedrockmodel\"},{\"Action\":[\"bedrock:RetrieveAndGenerate\",\"bedrock:Retrieve\"],\"Effect\":\"Allow\",\"Resource\":\"arn:aws:bedrock:us-east-1:054037138392:knowledge-base/JMGR40LDEB\",\"Sid\":\"retrieveandgenerate\"}],\"Version\":\"2012-10-17\"}",
            "policy_id": "ANPAQZFG5JPMM2FGOQSCT",
            "tags": {
              "Application": "set-genai-aws-workshop"
            },
            "tags_all": {
              "Application": "set-genai-aws-workshop"
            }
          },
          "sensitive_attributes": [],
          "identity_schema_version": 0,
          "private": "bnVsbA==",
          "dependencies": [
            "aws_iam_role.bedrock_service_role",
            "aws_iam_role.vector_store_cluster_role",
            "aws_iam_role_policy.bedrock_service_role_policy",
            "awscc_bedrock_knowledge_base.genai-bedrock-kb",
            "data.aws_availability_zones.available",
            "data.aws_caller_identity.current",
            "module.aurora_postgresql_v2.aws_appautoscaling_policy.this",
            "module.aurora_postgresql_v2.aws_appautoscaling_target.this",
            "module.aurora_postgresql_v2.aws_cloudwatch_log_group.this",
            "module.aurora_postgresql_v2.aws_db_parameter_group.this",
            "module.aurora_postgresql_v2.aws_db_subnet_group.this",
            "module.aurora_postgresql_v2.aws_iam_role.rds_enhanced_monitoring",
            "module.aurora_postgresql_v2.aws_iam_role_policy_attachment.rds_enhanced_monitoring",
            "module.aurora_postgresql_v2.aws_rds_cluster.this",
            "module.aurora_postgresql_v2.aws_rds_cluster_activity_stream.this",
            "module.aurora_postgresql_v2.aws_rds_cluster_endpoint.this",
            "module.aurora_postgresql_v2.aws_rds_cluster_instance.this",
            "module.aurora_postgresql_v2.aws_rds_cluster_parameter_group.this",
            "module.aurora_postgresql_v2.aws_rds_cluster_role_association.this",
            "module.aurora_postgresql_v2.aws_secretsmanager_secret_rotation.this",
            "module.aurora_postgresql_v2.aws_security_group.this",
            "module.aurora_postgresql_v2.aws_security_group_rule.this",
            "module.aurora_postgresql_v2.data.aws_iam_policy_document.monitoring_rds_assume_role",
            "module.aurora_postgresql_v2.data.aws_partition.current",
            "module.genai_document_bucket.aws_s3_bucket.this",
            "module.genai_document_bucket.aws_s3_bucket_policy.this",
            "module.genai_document_bucket.aws_s3_bucket_public_access_block.this",
            "module.genai_document_bucket.data.aws_caller_identity.current",
            "module.genai_document_bucket.data.aws_iam_policy_document.access_log_delivery",
            "module.genai_document_bucket.data.aws_iam_policy_document.combined",
            "module.genai_document_bucket.data.aws_iam_policy_document.deny_incorrect_encryption_headers",
            "module.genai_document_bucket.data.aws_iam_policy_document.deny_incorrect_kms_key_sse",
            "module.genai_document_bucket.data.aws_iam_policy_document.deny_insecure_transport",
            "module.genai_document_bucket.data.aws_iam_policy_document.deny_unencrypted_object_uploads",
            "module.genai_document_bucket.data.aws_iam_policy_document.elb_log_delivery",
            "module.genai_document_bucket.data.aws_iam_policy_document.inventory_and_analytics_destination_policy",
            "module.genai_document_bucket.data.aws_iam_policy_document.lb_log_delivery",
            "module.genai_document_bucket.data.aws_iam_policy_document.require_latest_tls",
            "module.genai_document_bucket.data.aws_partition.current",
            "module.genai_document_bucket.data.aws_region.current",
            "module.lambda_function.data.aws_iam_policy_document.additional_inline",
            "module.vector_store_bedrock_secret.aws_secretsmanager_secret.this",
            "module.vpc.aws_db_subnet_group.database",
            "module.vpc.aws_subnet.database",
            "module.vpc.aws_subnet.private",
            "module.vpc.aws_vpc.this",
            "module.vpc.aws_vpc_ipv4_cidr_block_association.this",
            "random_pet.this",
            "time_sleep.bedrock_role"
          ],
          "create_before_destroy": true
        }
      ]
    },
    {
      "module": "module.lambda_function",
      "mode": "managed",
      "type": "aws_iam_policy",
      "name": "logs",
      "provider": "provider[\"registry.terraform.io/hashicorp/aws\"]",
      "instances": [
        {
          "index_key": 0,
          "schema_version": 0,
          "attributes": {
            "arn": "arn:aws:iam::054037138392:policy/bedrock-lambda-function-immune-hen-logs",
            "attachment_count": 0,
            "description": "",
            "id": "arn:aws:iam::054037138392:policy/bedrock-lambda-function-immune-hen-logs",
            "name": "bedrock-lambda-function-immune-hen-logs",
            "name_prefix": "",
            "path": "/",
            "policy": "{\"Statement\":[{\"Action\":[\"logs:PutLogEvents\",\"logs:CreateLogStream\",\"logs:CreateLogGroup\"],\"Effect\":\"Allow\",\"Resource\":[\"arn:aws:logs:us-east-1:054037138392:log-group:/aws/lambda/bedrock-lambda-function-immune-hen:*:*\",\"arn:aws:logs:us-east-1:054037138392:log-group:/aws/lambda/bedrock-lambda-function-immune-hen:*\"]}],\"Version\":\"2012-10-17\"}",
            "policy_id": "ANPAQZFG5JPMERGD2H3FA",
            "tags": {
              "Application": "set-genai-aws-workshop"
            },
            "tags_all": {
              "Application": "set-genai-aws-workshop"
            }
          },
          "sensitive_attributes": [],
          "identity_schema_version": 0,
          "private": "bnVsbA==",
          "dependencies": [
            "aws_iam_role.bedrock_service_role",
            "aws_iam_role.vector_store_cluster_role",
            "aws_iam_role_policy.bedrock_service_role_policy",
            "awscc_bedrock_knowledge_base.genai-bedrock-kb",
            "data.aws_availability_zones.available",
            "data.aws_caller_identity.current",
            "module.aurora_postgresql_v2.aws_appautoscaling_policy.this",
            "module.aurora_postgresql_v2.aws_appautoscaling_target.this",
            "module.aurora_postgresql_v2.aws_cloudwatch_log_group.this",
            "module.aurora_postgresql_v2.aws_db_parameter_group.this",
            "module.aurora_postgresql_v2.aws_db_subnet_group.this",
            "module.aurora_postgresql_v2.aws_iam_role.rds_enhanced_monitoring",
            "module.aurora_postgresql_v2.aws_iam_role_policy_attachment.rds_enhanced_monitoring",
            "module.aurora_postgresql_v2.aws_rds_cluster.this",
            "module.aurora_postgresql_v2.aws_rds_cluster_activity_stream.this",
            "module.aurora_postgresql_v2.aws_rds_cluster_endpoint.this",
            "module.aurora_postgresql_v2.aws_rds_cluster_instance.this",
            "module.aurora_postgresql_v2.aws_rds_cluster_parameter_group.this",
            "module.aurora_postgresql_v2.aws_rds_cluster_role_association.this",
            "module.aurora_postgresql_v2.aws_secretsmanager_secret_rotation.this",
            "module.aurora_postgresql_v2.aws_security_group.this",
            "module.aurora_postgresql_v2.aws_security_group_rule.this",
            "module.aurora_postgresql_v2.data.aws_iam_policy_document.monitoring_rds_assume_role",
            "module.aurora_postgresql_v2.data.aws_partition.current",
            "module.genai_document_bucket.aws_s3_bucket.this",
            "module.genai_document_bucket.aws_s3_bucket_policy.this",
            "module.genai_document_bucket.aws_s3_bucket_public_access_block.this",
            "module.genai_document_bucket.data.aws_caller_identity.current",
            "module.genai_document_bucket.data.aws_iam_policy_document.access_log_delivery",
            "module.genai_document_bucket.data.aws_iam_policy_document.combined",
            "module.genai_document_bucket.data.aws_iam_policy_document.deny_incorrect_encryption_headers",
            "module.genai_document_bucket.data.aws_iam_policy_document.deny_incorrect_kms_key_sse",
            "module.genai_document_bucket.data.aws_iam_policy_document.deny_insecure_transport",
            "module.genai_document_bucket.data.aws_iam_policy_document.deny_unencrypted_object_uploads",
            "module.genai_document_bucket.data.aws_iam_policy_document.elb_log_delivery",
            "module.genai_document_bucket.data.aws_iam_policy_document.inventory_and_analytics_destination_policy",
            "module.genai_document_bucket.data.aws_iam_policy_document.lb_log_delivery",
            "module.genai_document_bucket.data.aws_iam_policy_document.require_latest_tls",
            "module.genai_document_bucket.data.aws_partition.current",
            "module.genai_document_bucket.data.aws_region.current",
            "module.lambda_function.aws_cloudwatch_log_group.lambda",
            "module.lambda_function.data.aws_arn.log_group_arn",
            "module.lambda_function.data.aws_cloudwatch_log_group.lambda",
            "module.lambda_function.data.aws_iam_policy_document.logs",
            "module.vector_store_bedrock_secret.aws_secretsmanager_secret.this",
            "module.vpc.aws_db_subnet_group.database",
            "module.vpc.aws_subnet.database",
            "module.vpc.aws_subnet.private",
            "module.vpc.aws_vpc.this",
            "module.vpc.aws_vpc_ipv4_cidr_block_association.this",
            "random_pet.this",
            "time_sleep.bedrock_role"
          ],
          "create_before_destroy": true
        }
      ]
    },
    {
      "module": "module.lambda_function",
      "mode": "managed",
      "type": "aws_iam_role",
      "name": "lambda",
      "provider": "provider[\"registry.terraform.io/hashicorp/aws\"]",
      "instances": [
        {
          "index_key": 0,
          "schema_version": 0,
          "attributes": {
            "arn": "arn:aws:iam::054037138392:role/bedrock-lambda-function-immune-hen",
            "assume_role_policy": "{\"Statement\":[{\"Action\":\"sts:AssumeRole\",\"Effect\":\"Allow\",\"Principal\":{\"Service\":\"lambda.amazonaws.com\"}}],\"Version\":\"2012-10-17\"}",
            "create_date": "2025-07-06T11:50:48Z",
            "description": "",
            "force_detach_policies": true,
            "id": "bedrock-lambda-function-immune-hen",
            "inline_policy": [],
            "managed_policy_arns": [],
            "max_session_duration": 3600,
            "name": "bedrock-lambda-function-immune-hen",
            "name_prefix": "",
            "path": "/",
            "permissions_boundary": "",
            "tags": {
              "Application": "set-genai-aws-workshop"
            },
            "tags_all": {
              "Application": "set-genai-aws-workshop"
            },
            "unique_id": "AROAQZFG5JPMAAUCYV7RO"
          },
          "sensitive_attributes": [],
          "identity_schema_version": 0,
          "identity": {
            "account_id": "054037138392",
            "name": "bedrock-lambda-function-immune-hen"
          },
          "private": "bnVsbA==",
          "dependencies": [
            "aws_iam_role.bedrock_service_role",
            "aws_iam_role.vector_store_cluster_role",
            "aws_iam_role_policy.bedrock_service_role_policy",
            "awscc_bedrock_knowledge_base.genai-bedrock-kb",
            "data.aws_availability_zones.available",
            "data.aws_caller_identity.current",
            "module.aurora_postgresql_v2.aws_appautoscaling_policy.this",
            "module.aurora_postgresql_v2.aws_appautoscaling_target.this",
            "module.aurora_postgresql_v2.aws_cloudwatch_log_group.this",
            "module.aurora_postgresql_v2.aws_db_parameter_group.this",
            "module.aurora_postgresql_v2.aws_db_subnet_group.this",
            "module.aurora_postgresql_v2.aws_iam_role.rds_enhanced_monitoring",
            "module.aurora_postgresql_v2.aws_iam_role_policy_attachment.rds_enhanced_monitoring",
            "module.aurora_postgresql_v2.aws_rds_cluster.this",
            "module.aurora_postgresql_v2.aws_rds_cluster_activity_stream.this",
            "module.aurora_postgresql_v2.aws_rds_cluster_endpoint.this",
            "module.aurora_postgresql_v2.aws_rds_cluster_instance.this",
            "module.aurora_postgresql_v2.aws_rds_cluster_parameter_group.this",
            "module.aurora_postgresql_v2.aws_rds_cluster_role_association.this",
            "module.aurora_postgresql_v2.aws_secretsmanager_secret_rotation.this",
            "module.aurora_postgresql_v2.aws_security_group.this",
            "module.aurora_postgresql_v2.aws_security_group_rule.this",
            "module.aurora_postgresql_v2.data.aws_iam_policy_document.monitoring_rds_assume_role",
            "module.aurora_postgresql_v2.data.aws_partition.current",
            "module.genai_document_bucket.aws_s3_bucket.this",
            "module.genai_document_bucket.aws_s3_bucket_policy.this",
            "module.genai_document_bucket.aws_s3_bucket_public_access_block.this",
            "module.genai_document_bucket.data.aws_caller_identity.current",
            "module.genai_document_bucket.data.aws_iam_policy_document.access_log_delivery",
            "module.genai_document_bucket.data.aws_iam_policy_document.combined",
            "module.genai_document_bucket.data.aws_iam_policy_document.deny_incorrect_encryption_headers",
            "module.genai_document_bucket.data.aws_iam_policy_document.deny_incorrect_kms_key_sse",
            "module.genai_document_bucket.data.aws_iam_policy_document.deny_insecure_transport",
            "module.genai_document_bucket.data.aws_iam_policy_document.deny_unencrypted_object_uploads",
            "module.genai_document_bucket.data.aws_iam_policy_document.elb_log_delivery",
            "module.genai_document_bucket.data.aws_iam_policy_document.inventory_and_analytics_destination_policy",
            "module.genai_document_bucket.data.aws_iam_policy_document.lb_log_delivery",
            "module.genai_document_bucket.data.aws_iam_policy_document.require_latest_tls",
            "module.genai_document_bucket.data.aws_partition.current",
            "module.genai_document_bucket.data.aws_region.current",
            "module.lambda_function.data.aws_iam_policy_document.assume_role",
            "module.vector_store_bedrock_secret.aws_secretsmanager_secret.this",
            "module.vpc.aws_db_subnet_group.database",
            "module.vpc.aws_subnet.database",
            "module.vpc.aws_subnet.private",
            "module.vpc.aws_vpc.this",
            "module.vpc.aws_vpc_ipv4_cidr_block_association.this",
            "random_pet.this",
            "time_sleep.bedrock_role"
          ],
          "create_before_destroy": true
        }
      ]
    },
    {
      "module": "module.lambda_function",
      "mode": "managed",
      "type": "aws_iam_role_policy_attachment",
      "name": "additional_inline",
      "provider": "provider[\"registry.terraform.io/hashicorp/aws\"]",
      "instances": [
        {
          "index_key": 0,
          "schema_version": 0,
          "attributes": {
            "id": "bedrock-lambda-function-immune-hen/arn:aws:iam::054037138392:policy/bedrock-lambda-function-immune-hen-inline",
            "policy_arn": "arn:aws:iam::054037138392:policy/bedrock-lambda-function-immune-hen-inline",
            "role": "bedrock-lambda-function-immune-hen"
          },
          "sensitive_attributes": [],
          "identity_schema_version": 0,
          "identity": {
            "account_id": "054037138392",
            "policy_arn": "arn:aws:iam::054037138392:policy/bedrock-lambda-function-immune-hen-inline",
            "role": "bedrock-lambda-function-immune-hen"
          },
          "private": "bnVsbA==",
          "dependencies": [
            "aws_iam_role.bedrock_service_role",
            "aws_iam_role.vector_store_cluster_role",
            "aws_iam_role_policy.bedrock_service_role_policy",
            "awscc_bedrock_knowledge_base.genai-bedrock-kb",
            "data.aws_availability_zones.available",
            "data.aws_caller_identity.current",
            "module.aurora_postgresql_v2.aws_appautoscaling_policy.this",
            "module.aurora_postgresql_v2.aws_appautoscaling_target.this",
            "module.aurora_postgresql_v2.aws_cloudwatch_log_group.this",
            "module.aurora_postgresql_v2.aws_db_parameter_group.this",
            "module.aurora_postgresql_v2.aws_db_subnet_group.this",
            "module.aurora_postgresql_v2.aws_iam_role.rds_enhanced_monitoring",
            "module.aurora_postgresql_v2.aws_iam_role_policy_attachment.rds_enhanced_monitoring",
            "module.aurora_postgresql_v2.aws_rds_cluster.this",
            "module.aurora_postgresql_v2.aws_rds_cluster_activity_stream.this",
            "module.aurora_postgresql_v2.aws_rds_cluster_endpoint.this",
            "module.aurora_postgresql_v2.aws_rds_cluster_instance.this",
            "module.aurora_postgresql_v2.aws_rds_cluster_parameter_group.this",
            "module.aurora_postgresql_v2.aws_rds_cluster_role_association.this",
            "module.aurora_postgresql_v2.aws_secretsmanager_secret_rotation.this",
            "module.aurora_postgresql_v2.aws_security_group.this",
            "module.aurora_postgresql_v2.aws_security_group_rule.this",
            "module.aurora_postgresql_v2.data.aws_iam_policy_document.monitoring_rds_assume_role",
            "module.aurora_postgresql_v2.data.aws_partition.current",
            "module.genai_document_bucket.aws_s3_bucket.this",
            "module.genai_document_bucket.aws_s3_bucket_policy.this",
            "module.genai_document_bucket.aws_s3_bucket_public_access_block.this",
            "module.genai_document_bucket.data.aws_caller_identity.current",
            "module.genai_document_bucket.data.aws_iam_policy_document.access_log_delivery",
            "module.genai_document_bucket.data.aws_iam_policy_document.combined",
            "module.genai_document_bucket.data.aws_iam_policy_document.deny_incorrect_encryption_headers",
            "module.genai_document_bucket.data.aws_iam_policy_document.deny_incorrect_kms_key_sse",
            "module.genai_document_bucket.data.aws_iam_policy_document.deny_insecure_transport",
            "module.genai_document_bucket.data.aws_iam_policy_document.deny_unencrypted_object_uploads",
            "module.genai_document_bucket.data.aws_iam_policy_document.elb_log_delivery",
            "module.genai_document_bucket.data.aws_iam_policy_document.inventory_and_analytics_destination_policy",
            "module.genai_document_bucket.data.aws_iam_policy_document.lb_log_delivery",
            "module.genai_document_bucket.data.aws_iam_policy_document.require_latest_tls",
            "module.genai_document_bucket.data.aws_partition.current",
            "module.genai_document_bucket.data.aws_region.current",
            "module.lambda_function.aws_iam_policy.additional_inline",
            "module.lambda_function.aws_iam_role.lambda",
            "module.lambda_function.data.aws_iam_policy_document.additional_inline",
            "module.lambda_function.data.aws_iam_policy_document.assume_role",
            "module.vector_store_bedrock_secret.aws_secretsmanager_secret.this",
            "module.vpc.aws_db_subnet_group.database",
            "module.vpc.aws_subnet.database",
            "module.vpc.aws_subnet.private",
            "module.vpc.aws_vpc.this",
            "module.vpc.aws_vpc_ipv4_cidr_block_association.this",
            "random_pet.this",
            "time_sleep.bedrock_role"
          ],
          "create_before_destroy": true
        }
      ]
    },
    {
      "module": "module.lambda_function",
      "mode": "managed",
      "type": "aws_iam_role_policy_attachment",
      "name": "logs",
      "provider": "provider[\"registry.terraform.io/hashicorp/aws\"]",
      "instances": [
        {
          "index_key": 0,
          "schema_version": 0,
          "attributes": {
            "id": "bedrock-lambda-function-immune-hen/arn:aws:iam::054037138392:policy/bedrock-lambda-function-immune-hen-logs",
            "policy_arn": "arn:aws:iam::054037138392:policy/bedrock-lambda-function-immune-hen-logs",
            "role": "bedrock-lambda-function-immune-hen"
          },
          "sensitive_attributes": [],
          "identity_schema_version": 0,
          "identity": {
            "account_id": "054037138392",
            "policy_arn": "arn:aws:iam::054037138392:policy/bedrock-lambda-function-immune-hen-logs",
            "role": "bedrock-lambda-function-immune-hen"
          },
          "private": "bnVsbA==",
          "dependencies": [
            "aws_iam_role.bedrock_service_role",
            "aws_iam_role.vector_store_cluster_role",
            "aws_iam_role_policy.bedrock_service_role_policy",
            "awscc_bedrock_knowledge_base.genai-bedrock-kb",
            "data.aws_availability_zones.available",
            "data.aws_caller_identity.current",
            "module.aurora_postgresql_v2.aws_appautoscaling_policy.this",
            "module.aurora_postgresql_v2.aws_appautoscaling_target.this",
            "module.aurora_postgresql_v2.aws_cloudwatch_log_group.this",
            "module.aurora_postgresql_v2.aws_db_parameter_group.this",
            "module.aurora_postgresql_v2.aws_db_subnet_group.this",
            "module.aurora_postgresql_v2.aws_iam_role.rds_enhanced_monitoring",
            "module.aurora_postgresql_v2.aws_iam_role_policy_attachment.rds_enhanced_monitoring",
            "module.aurora_postgresql_v2.aws_rds_cluster.this",
            "module.aurora_postgresql_v2.aws_rds_cluster_activity_stream.this",
            "module.aurora_postgresql_v2.aws_rds_cluster_endpoint.this",
            "module.aurora_postgresql_v2.aws_rds_cluster_instance.this",
            "module.aurora_postgresql_v2.aws_rds_cluster_parameter_group.this",
            "module.aurora_postgresql_v2.aws_rds_cluster_role_association.this",
            "module.aurora_postgresql_v2.aws_secretsmanager_secret_rotation.this",
            "module.aurora_postgresql_v2.aws_security_group.this",
            "module.aurora_postgresql_v2.aws_security_group_rule.this",
            "module.aurora_postgresql_v2.data.aws_iam_policy_document.monitoring_rds_assume_role",
            "module.aurora_postgresql_v2.data.aws_partition.current",
            "module.genai_document_bucket.aws_s3_bucket.this",
            "module.genai_document_bucket.aws_s3_bucket_policy.this",
            "module.genai_document_bucket.aws_s3_bucket_public_access_block.this",
            "module.genai_document_bucket.data.aws_caller_identity.current",
            "module.genai_document_bucket.data.aws_iam_policy_document.access_log_delivery",
            "module.genai_document_bucket.data.aws_iam_policy_document.combined",
            "module.genai_document_bucket.data.aws_iam_policy_document.deny_incorrect_encryption_headers",
            "module.genai_document_bucket.data.aws_iam_policy_document.deny_incorrect_kms_key_sse",
            "module.genai_document_bucket.data.aws_iam_policy_document.deny_insecure_transport",
            "module.genai_document_bucket.data.aws_iam_policy_document.deny_unencrypted_object_uploads",
            "module.genai_document_bucket.data.aws_iam_policy_document.elb_log_delivery",
            "module.genai_document_bucket.data.aws_iam_policy_document.inventory_and_analytics_destination_policy",
            "module.genai_document_bucket.data.aws_iam_policy_document.lb_log_delivery",
            "module.genai_document_bucket.data.aws_iam_policy_document.require_latest_tls",
            "module.genai_document_bucket.data.aws_partition.current",
            "module.genai_document_bucket.data.aws_region.current",
            "module.lambda_function.aws_cloudwatch_log_group.lambda",
            "module.lambda_function.aws_iam_policy.logs",
            "module.lambda_function.aws_iam_role.lambda",
            "module.lambda_function.data.aws_arn.log_group_arn",
            "module.lambda_function.data.aws_cloudwatch_log_group.lambda",
            "module.lambda_function.data.aws_iam_policy_document.assume_role",
            "module.lambda_function.data.aws_iam_policy_document.logs",
            "module.vector_store_bedrock_secret.aws_secretsmanager_secret.this",
            "module.vpc.aws_db_subnet_group.database",
            "module.vpc.aws_subnet.database",
            "module.vpc.aws_subnet.private",
            "module.vpc.aws_vpc.this",
            "module.vpc.aws_vpc_ipv4_cidr_block_association.this",
            "random_pet.this",
            "time_sleep.bedrock_role"
          ],
          "create_before_destroy": true
        }
      ]
    },
    {
      "module": "module.lambda_function",
      "mode": "managed",
      "type": "aws_lambda_function",
      "name": "this",
      "provider": "provider[\"registry.terraform.io/hashicorp/aws\"]",
      "instances": [
        {
          "index_key": 0,
          "schema_version": 0,
          "attributes": {
            "architectures": [
              "x86_64"
            ],
            "arn": "arn:aws:lambda:us-east-1:054037138392:function:bedrock-lambda-function-immune-hen",
            "code_sha256": "Cqcbs/9NHOnYB9AKhLh6cpncok4wnmK6xHa5ipkoJM0=",
            "code_signing_config_arn": "",
            "dead_letter_config": [],
            "description": "AWS Lambda function to invoke Amazon Bedrock model",
            "environment": [
              {
                "variables": {
                  "BEDROCK_KB_ID": "JMGR40LDEB",
                  "GEN_AI_MODEL_ARN": "arn:aws:bedrock:us-east-1::foundation-model/anthropic.claude-3-5-sonnet-20240620-v1:0"
                }
              }
            ],
            "ephemeral_storage": [
              {
                "size": 512
              }
            ],
            "file_system_config": [],
            "filename": "builds\\39cc68c3203f0290f96a401492569e6a6ca564177ee22d6f6e4eeb8071b6fcd7.zip",
            "function_name": "bedrock-lambda-function-immune-hen",
            "handler": "index.handler",
            "id": "bedrock-lambda-function-immune-hen",
            "image_config": [],
            "image_uri": "",
            "invoke_arn": "arn:aws:apigateway:us-east-1:lambda:path/2015-03-31/functions/arn:aws:lambda:us-east-1:054037138392:function:bedrock-lambda-function-immune-hen/invocations",
            "kms_key_arn": "",
            "last_modified": "2025-07-06T11:50:58.886+0000",
            "layers": null,
            "logging_config": [
              {
                "application_log_level": "",
                "log_format": "Text",
                "log_group": "/aws/lambda/bedrock-lambda-function-immune-hen",
                "system_log_level": ""
              }
            ],
            "memory_size": 128,
            "package_type": "Zip",
            "publish": true,
            "qualified_arn": "arn:aws:lambda:us-east-1:054037138392:function:bedrock-lambda-function-immune-hen:1",
            "qualified_invoke_arn": "arn:aws:apigateway:us-east-1:lambda:path/2015-03-31/functions/arn:aws:lambda:us-east-1:054037138392:function:bedrock-lambda-function-immune-hen:1/invocations",
            "region": "us-east-1",
            "replace_security_groups_on_destroy": null,
            "replacement_security_group_ids": null,
            "reserved_concurrent_executions": -1,
            "role": "arn:aws:iam::054037138392:role/bedrock-lambda-function-immune-hen",
            "runtime": "python3.9",
            "s3_bucket": null,
            "s3_key": null,
            "s3_object_version": null,
            "signing_job_arn": "",
            "signing_profile_version_arn": "",
            "skip_destroy": false,
            "snap_start": [],
            "source_code_hash": "",
            "source_code_size": 521,
            "tags": {
              "Application": "set-genai-aws-workshop",
              "terraform-aws-modules": "lambda"
            },
            "tags_all": {
              "Application": "set-genai-aws-workshop",
              "terraform-aws-modules": "lambda"
            },
            "timeout": 60,
            "timeouts": null,
            "tracing_config": [
              {
                "mode": "PassThrough"
              }
            ],
            "version": "1",
            "vpc_config": []
          },
          "sensitive_attributes": [],
          "identity_schema_version": 0,
          "private": "eyJlMmJmYjczMC1lY2FhLTExZTYtOGY4OC0zNDM2M2JjN2M0YzAiOnsiY3JlYXRlIjo2MDAwMDAwMDAwMDAsImRlbGV0ZSI6NjAwMDAwMDAwMDAwLCJ1cGRhdGUiOjYwMDAwMDAwMDAwMH19",
          "dependencies": [
            "aws_iam_role.bedrock_service_role",
            "aws_iam_role.vector_store_cluster_role",
            "aws_iam_role_policy.bedrock_service_role_policy",
            "awscc_bedrock_knowledge_base.genai-bedrock-kb",
            "data.aws_availability_zones.available",
            "data.aws_caller_identity.current",
            "module.aurora_postgresql_v2.aws_appautoscaling_policy.this",
            "module.aurora_postgresql_v2.aws_appautoscaling_target.this",
            "module.aurora_postgresql_v2.aws_cloudwatch_log_group.this",
            "module.aurora_postgresql_v2.aws_db_parameter_group.this",
            "module.aurora_postgresql_v2.aws_db_subnet_group.this",
            "module.aurora_postgresql_v2.aws_iam_role.rds_enhanced_monitoring",
            "module.aurora_postgresql_v2.aws_iam_role_policy_attachment.rds_enhanced_monitoring",
            "module.aurora_postgresql_v2.aws_rds_cluster.this",
            "module.aurora_postgresql_v2.aws_rds_cluster_activity_stream.this",
            "module.aurora_postgresql_v2.aws_rds_cluster_endpoint.this",
            "module.aurora_postgresql_v2.aws_rds_cluster_instance.this",
            "module.aurora_postgresql_v2.aws_rds_cluster_parameter_group.this",
            "module.aurora_postgresql_v2.aws_rds_cluster_role_association.this",
            "module.aurora_postgresql_v2.aws_secretsmanager_secret_rotation.this",
            "module.aurora_postgresql_v2.aws_security_group.this",
            "module.aurora_postgresql_v2.aws_security_group_rule.this",
            "module.aurora_postgresql_v2.data.aws_iam_policy_document.monitoring_rds_assume_role",
            "module.aurora_postgresql_v2.data.aws_partition.current",
            "module.genai_document_bucket.aws_s3_bucket.this",
            "module.genai_document_bucket.aws_s3_bucket_policy.this",
            "module.genai_document_bucket.aws_s3_bucket_public_access_block.this",
            "module.genai_document_bucket.data.aws_caller_identity.current",
            "module.genai_document_bucket.data.aws_iam_policy_document.access_log_delivery",
            "module.genai_document_bucket.data.aws_iam_policy_document.combined",
            "module.genai_document_bucket.data.aws_iam_policy_document.deny_incorrect_encryption_headers",
            "module.genai_document_bucket.data.aws_iam_policy_document.deny_incorrect_kms_key_sse",
            "module.genai_document_bucket.data.aws_iam_policy_document.deny_insecure_transport",
            "module.genai_document_bucket.data.aws_iam_policy_document.deny_unencrypted_object_uploads",
            "module.genai_document_bucket.data.aws_iam_policy_document.elb_log_delivery",
            "module.genai_document_bucket.data.aws_iam_policy_document.inventory_and_analytics_destination_policy",
            "module.genai_document_bucket.data.aws_iam_policy_document.lb_log_delivery",
            "module.genai_document_bucket.data.aws_iam_policy_document.require_latest_tls",
            "module.genai_document_bucket.data.aws_partition.current",
            "module.genai_document_bucket.data.aws_region.current",
            "module.lambda_function.aws_cloudwatch_log_group.lambda",
            "module.lambda_function.aws_iam_policy.additional_inline",
            "module.lambda_function.aws_iam_policy.additional_json",
            "module.lambda_function.aws_iam_policy.additional_jsons",
            "module.lambda_function.aws_iam_policy.async",
            "module.lambda_function.aws_iam_policy.dead_letter",
            "module.lambda_function.aws_iam_policy.logs",
            "module.lambda_function.aws_iam_policy.tracing",
            "module.lambda_function.aws_iam_policy.vpc",
            "module.lambda_function.aws_iam_role.lambda",
            "module.lambda_function.aws_iam_role_policy_attachment.additional_inline",
            "module.lambda_function.aws_iam_role_policy_attachment.additional_json",
            "module.lambda_function.aws_iam_role_policy_attachment.additional_jsons",
            "module.lambda_function.aws_iam_role_policy_attachment.additional_many",
            "module.lambda_function.aws_iam_role_policy_attachment.additional_one",
            "module.lambda_function.aws_iam_role_policy_attachment.async",
            "module.lambda_function.aws_iam_role_policy_attachment.dead_letter",
            "module.lambda_function.aws_iam_role_policy_attachment.logs",
            "module.lambda_function.aws_iam_role_policy_attachment.tracing",
            "module.lambda_function.aws_iam_role_policy_attachment.vpc",
            "module.lambda_function.aws_s3_object.lambda_package",
            "module.lambda_function.data.aws_arn.log_group_arn",
            "module.lambda_function.data.aws_cloudwatch_log_group.lambda",
            "module.lambda_function.data.aws_iam_policy.tracing",
            "module.lambda_function.data.aws_iam_policy.vpc",
            "module.lambda_function.data.aws_iam_policy_document.additional_inline",
            "module.lambda_function.data.aws_iam_policy_document.assume_role",
            "module.lambda_function.data.aws_iam_policy_document.async",
            "module.lambda_function.data.aws_iam_policy_document.dead_letter",
            "module.lambda_function.data.aws_iam_policy_document.logs",
            "module.lambda_function.data.aws_partition.current",
            "module.lambda_function.data.external.archive_prepare",
            "module.lambda_function.local_file.archive_plan",
            "module.lambda_function.null_resource.archive",
            "module.vector_store_bedrock_secret.aws_secretsmanager_secret.this",
            "module.vpc.aws_db_subnet_group.database",
            "module.vpc.aws_subnet.database",
            "module.vpc.aws_subnet.private",
            "module.vpc.aws_vpc.this",
            "module.vpc.aws_vpc_ipv4_cidr_block_association.this",
            "random_pet.this",
            "time_sleep.bedrock_role"
          ],
          "create_before_destroy": true
        }
      ]
    },
    {
      "module": "module.lambda_function",
      "mode": "managed",
      "type": "aws_lambda_function_url",
      "name": "this",
      "provider": "provider[\"registry.terraform.io/hashicorp/aws\"]",
      "instances": [
        {
          "index_key": 0,
          "schema_version": 0,
          "attributes": {
            "authorization_type": "NONE",
            "cors": [],
            "function_arn": "arn:aws:lambda:us-east-1:054037138392:function:bedrock-lambda-function-immune-hen",
            "function_name": "bedrock-lambda-function-immune-hen",
            "function_url": "https://xbem6sjggfggs7wlhxjemb7kqm0ywgdy.lambda-url.us-east-1.on.aws/",
            "id": "bedrock-lambda-function-immune-hen",
            "invoke_mode": "BUFFERED",
            "qualifier": "",
            "region": "us-east-1",
            "timeouts": null,
            "url_id": "xbem6sjggfggs7wlhxjemb7kqm0ywgdy"
          },
          "sensitive_attributes": [],
          "identity_schema_version": 0,
          "private": "eyJlMmJmYjczMC1lY2FhLTExZTYtOGY4OC0zNDM2M2JjN2M0YzAiOnsiY3JlYXRlIjo2MDAwMDAwMDAwMDB9fQ==",
          "dependencies": [
            "aws_iam_role.bedrock_service_role",
            "aws_iam_role.vector_store_cluster_role",
            "aws_iam_role_policy.bedrock_service_role_policy",
            "awscc_bedrock_knowledge_base.genai-bedrock-kb",
            "data.aws_availability_zones.available",
            "data.aws_caller_identity.current",
            "module.aurora_postgresql_v2.aws_appautoscaling_policy.this",
            "module.aurora_postgresql_v2.aws_appautoscaling_target.this",
            "module.aurora_postgresql_v2.aws_cloudwatch_log_group.this",
            "module.aurora_postgresql_v2.aws_db_parameter_group.this",
            "module.aurora_postgresql_v2.aws_db_subnet_group.this",
            "module.aurora_postgresql_v2.aws_iam_role.rds_enhanced_monitoring",
            "module.aurora_postgresql_v2.aws_iam_role_policy_attachment.rds_enhanced_monitoring",
            "module.aurora_postgresql_v2.aws_rds_cluster.this",
            "module.aurora_postgresql_v2.aws_rds_cluster_activity_stream.this",
            "module.aurora_postgresql_v2.aws_rds_cluster_endpoint.this",
            "module.aurora_postgresql_v2.aws_rds_cluster_instance.this",
            "module.aurora_postgresql_v2.aws_rds_cluster_parameter_group.this",
            "module.aurora_postgresql_v2.aws_rds_cluster_role_association.this",
            "module.aurora_postgresql_v2.aws_secretsmanager_secret_rotation.this",
            "module.aurora_postgresql_v2.aws_security_group.this",
            "module.aurora_postgresql_v2.aws_security_group_rule.this",
            "module.aurora_postgresql_v2.data.aws_iam_policy_document.monitoring_rds_assume_role",
            "module.aurora_postgresql_v2.data.aws_partition.current",
            "module.genai_document_bucket.aws_s3_bucket.this",
            "module.genai_document_bucket.aws_s3_bucket_policy.this",
            "module.genai_document_bucket.aws_s3_bucket_public_access_block.this",
            "module.genai_document_bucket.data.aws_caller_identity.current",
            "module.genai_document_bucket.data.aws_iam_policy_document.access_log_delivery",
            "module.genai_document_bucket.data.aws_iam_policy_document.combined",
            "module.genai_document_bucket.data.aws_iam_policy_document.deny_incorrect_encryption_headers",
            "module.genai_document_bucket.data.aws_iam_policy_document.deny_incorrect_kms_key_sse",
            "module.genai_document_bucket.data.aws_iam_policy_document.deny_insecure_transport",
            "module.genai_document_bucket.data.aws_iam_policy_document.deny_unencrypted_object_uploads",
            "module.genai_document_bucket.data.aws_iam_policy_document.elb_log_delivery",
            "module.genai_document_bucket.data.aws_iam_policy_document.inventory_and_analytics_destination_policy",
            "module.genai_document_bucket.data.aws_iam_policy_document.lb_log_delivery",
            "module.genai_document_bucket.data.aws_iam_policy_document.require_latest_tls",
            "module.genai_document_bucket.data.aws_partition.current",
            "module.genai_document_bucket.data.aws_region.current",
            "module.lambda_function.aws_cloudwatch_log_group.lambda",
            "module.lambda_function.aws_iam_policy.additional_inline",
            "module.lambda_function.aws_iam_policy.additional_json",
            "module.lambda_function.aws_iam_policy.additional_jsons",
            "module.lambda_function.aws_iam_policy.async",
            "module.lambda_function.aws_iam_policy.dead_letter",
            "module.lambda_function.aws_iam_policy.logs",
            "module.lambda_function.aws_iam_policy.tracing",
            "module.lambda_function.aws_iam_policy.vpc",
            "module.lambda_function.aws_iam_role.lambda",
            "module.lambda_function.aws_iam_role_policy_attachment.additional_inline",
            "module.lambda_function.aws_iam_role_policy_attachment.additional_json",
            "module.lambda_function.aws_iam_role_policy_attachment.additional_jsons",
            "module.lambda_function.aws_iam_role_policy_attachment.additional_many",
            "module.lambda_function.aws_iam_role_policy_attachment.additional_one",
            "module.lambda_function.aws_iam_role_policy_attachment.async",
            "module.lambda_function.aws_iam_role_policy_attachment.dead_letter",
            "module.lambda_function.aws_iam_role_policy_attachment.logs",
            "module.lambda_function.aws_iam_role_policy_attachment.tracing",
            "module.lambda_function.aws_iam_role_policy_attachment.vpc",
            "module.lambda_function.aws_lambda_function.this",
            "module.lambda_function.aws_s3_object.lambda_package",
            "module.lambda_function.data.aws_arn.log_group_arn",
            "module.lambda_function.data.aws_cloudwatch_log_group.lambda",
            "module.lambda_function.data.aws_iam_policy.tracing",
            "module.lambda_function.data.aws_iam_policy.vpc",
            "module.lambda_function.data.aws_iam_policy_document.additional_inline",
            "module.lambda_function.data.aws_iam_policy_document.assume_role",
            "module.lambda_function.data.aws_iam_policy_document.async",
            "module.lambda_function.data.aws_iam_policy_document.dead_letter",
            "module.lambda_function.data.aws_iam_policy_document.logs",
            "module.lambda_function.data.aws_partition.current",
            "module.lambda_function.data.external.archive_prepare",
            "module.lambda_function.local_file.archive_plan",
            "module.lambda_function.null_resource.archive",
            "module.vector_store_bedrock_secret.aws_secretsmanager_secret.this",
            "module.vpc.aws_db_subnet_group.database",
            "module.vpc.aws_subnet.database",
            "module.vpc.aws_subnet.private",
            "module.vpc.aws_vpc.this",
            "module.vpc.aws_vpc_ipv4_cidr_block_association.this",
            "random_pet.this",
            "time_sleep.bedrock_role"
          ]
        }
      ]
    },
    {
      "module": "module.lambda_function",
      "mode": "managed",
      "type": "local_file",
      "name": "archive_plan",
      "provider": "provider[\"registry.terraform.io/hashicorp/local\"]",
      "instances": [
        {
          "index_key": 0,
          "schema_version": 0,
          "attributes": {
            "content": "{\"filename\": \"builds\\\\39cc68c3203f0290f96a401492569e6a6ca564177ee22d6f6e4eeb8071b6fcd7.zip\", \"runtime\": \"python3.9\", \"artifacts_dir\": \"builds\", \"build_plan\": [[\"zip\", \"./src\", null]]}",
            "content_base64": null,
            "content_base64sha256": "6pu8bblne/LfVWGdXOAf46H4ddP+7Ie+tgVxcZfOb3Y=",
            "content_base64sha512": "Zn+mpxhoA4BwRtq4DAY3ixfcgkkRezbXoh6ila9b0qYDbdJtgBDN+Dq7Jkmd1/lZkKxWLyKTOAuUQ5ASbjVpEg==",
            "content_md5": "2c89b37ea511cf6babc2592e1220b028",
            "content_sha1": "fb2fb7693ea08df1a82b47f65df6d9641f31ed90",
            "content_sha256": "ea9bbc6db9677bf2df55619d5ce01fe3a1f875d3feec87beb605717197ce6f76",
            "content_sha512": "667fa6a7186803807046dab80c06378b17dc8249117b36d7a21ea295af5bd2a6036dd26d8010cdf83abb26499dd7f95990ac562f2293380b944390126e356912",
            "directory_permission": "0755",
            "file_permission": "0644",
            "filename": "builds\\39cc68c3203f0290f96a401492569e6a6ca564177ee22d6f6e4eeb8071b6fcd7.plan.json",
            "id": "fb2fb7693ea08df1a82b47f65df6d9641f31ed90",
            "sensitive_content": null,
            "source": null
          },
          "sensitive_attributes": [
            [
              {
                "type": "get_attr",
                "value": "sensitive_content"
              }
            ]
          ],
          "identity_schema_version": 0,
          "dependencies": [
            "aws_iam_role.bedrock_service_role",
            "aws_iam_role.vector_store_cluster_role",
            "aws_iam_role_policy.bedrock_service_role_policy",
            "awscc_bedrock_knowledge_base.genai-bedrock-kb",
            "data.aws_availability_zones.available",
            "data.aws_caller_identity.current",
            "module.aurora_postgresql_v2.aws_appautoscaling_policy.this",
            "module.aurora_postgresql_v2.aws_appautoscaling_target.this",
            "module.aurora_postgresql_v2.aws_cloudwatch_log_group.this",
            "module.aurora_postgresql_v2.aws_db_parameter_group.this",
            "module.aurora_postgresql_v2.aws_db_subnet_group.this",
            "module.aurora_postgresql_v2.aws_iam_role.rds_enhanced_monitoring",
            "module.aurora_postgresql_v2.aws_iam_role_policy_attachment.rds_enhanced_monitoring",
            "module.aurora_postgresql_v2.aws_rds_cluster.this",
            "module.aurora_postgresql_v2.aws_rds_cluster_activity_stream.this",
            "module.aurora_postgresql_v2.aws_rds_cluster_endpoint.this",
            "module.aurora_postgresql_v2.aws_rds_cluster_instance.this",
            "module.aurora_postgresql_v2.aws_rds_cluster_parameter_group.this",
            "module.aurora_postgresql_v2.aws_rds_cluster_role_association.this",
            "module.aurora_postgresql_v2.aws_secretsmanager_secret_rotation.this",
            "module.aurora_postgresql_v2.aws_security_group.this",
            "module.aurora_postgresql_v2.aws_security_group_rule.this",
            "module.aurora_postgresql_v2.data.aws_iam_policy_document.monitoring_rds_assume_role",
            "module.aurora_postgresql_v2.data.aws_partition.current",
            "module.genai_document_bucket.aws_s3_bucket.this",
            "module.genai_document_bucket.aws_s3_bucket_policy.this",
            "module.genai_document_bucket.aws_s3_bucket_public_access_block.this",
            "module.genai_document_bucket.data.aws_caller_identity.current",
            "module.genai_document_bucket.data.aws_iam_policy_document.access_log_delivery",
            "module.genai_document_bucket.data.aws_iam_policy_document.combined",
            "module.genai_document_bucket.data.aws_iam_policy_document.deny_incorrect_encryption_headers",
            "module.genai_document_bucket.data.aws_iam_policy_document.deny_incorrect_kms_key_sse",
            "module.genai_document_bucket.data.aws_iam_policy_document.deny_insecure_transport",
            "module.genai_document_bucket.data.aws_iam_policy_document.deny_unencrypted_object_uploads",
            "module.genai_document_bucket.data.aws_iam_policy_document.elb_log_delivery",
            "module.genai_document_bucket.data.aws_iam_policy_document.inventory_and_analytics_destination_policy",
            "module.genai_document_bucket.data.aws_iam_policy_document.lb_log_delivery",
            "module.genai_document_bucket.data.aws_iam_policy_document.require_latest_tls",
            "module.genai_document_bucket.data.aws_partition.current",
            "module.genai_document_bucket.data.aws_region.current",
            "module.lambda_function.data.external.archive_prepare",
            "module.vector_store_bedrock_secret.aws_secretsmanager_secret.this",
            "module.vpc.aws_db_subnet_group.database",
            "module.vpc.aws_subnet.database",
            "module.vpc.aws_subnet.private",
            "module.vpc.aws_vpc.this",
            "module.vpc.aws_vpc_ipv4_cidr_block_association.this",
            "random_pet.this",
            "time_sleep.bedrock_role"
          ],
          "create_before_destroy": true
        }
      ]
    },
    {
      "module": "module.lambda_function",
      "mode": "managed",
      "type": "null_resource",
      "name": "archive",
      "provider": "provider[\"registry.terraform.io/hashicorp/null\"]",
      "instances": [
        {
          "index_key": 0,
          "schema_version": 0,
          "attributes": {
            "id": "8362051624460317894",
            "triggers": {
              "filename": "builds\\39cc68c3203f0290f96a401492569e6a6ca564177ee22d6f6e4eeb8071b6fcd7.zip",
              "timestamp": "1751802610019720000"
            }
          },
          "sensitive_attributes": [],
          "identity_schema_version": 0,
          "dependencies": [
            "aws_iam_role.bedrock_service_role",
            "aws_iam_role.vector_store_cluster_role",
            "aws_iam_role_policy.bedrock_service_role_policy",
            "awscc_bedrock_knowledge_base.genai-bedrock-kb",
            "data.aws_availability_zones.available",
            "data.aws_caller_identity.current",
            "module.aurora_postgresql_v2.aws_appautoscaling_policy.this",
            "module.aurora_postgresql_v2.aws_appautoscaling_target.this",
            "module.aurora_postgresql_v2.aws_cloudwatch_log_group.this",
            "module.aurora_postgresql_v2.aws_db_parameter_group.this",
            "module.aurora_postgresql_v2.aws_db_subnet_group.this",
            "module.aurora_postgresql_v2.aws_iam_role.rds_enhanced_monitoring",
            "module.aurora_postgresql_v2.aws_iam_role_policy_attachment.rds_enhanced_monitoring",
            "module.aurora_postgresql_v2.aws_rds_cluster.this",
            "module.aurora_postgresql_v2.aws_rds_cluster_activity_stream.this",
            "module.aurora_postgresql_v2.aws_rds_cluster_endpoint.this",
            "module.aurora_postgresql_v2.aws_rds_cluster_instance.this",
            "module.aurora_postgresql_v2.aws_rds_cluster_parameter_group.this",
            "module.aurora_postgresql_v2.aws_rds_cluster_role_association.this",
            "module.aurora_postgresql_v2.aws_secretsmanager_secret_rotation.this",
            "module.aurora_postgresql_v2.aws_security_group.this",
            "module.aurora_postgresql_v2.aws_security_group_rule.this",
            "module.aurora_postgresql_v2.data.aws_iam_policy_document.monitoring_rds_assume_role",
            "module.aurora_postgresql_v2.data.aws_partition.current",
            "module.genai_document_bucket.aws_s3_bucket.this",
            "module.genai_document_bucket.aws_s3_bucket_policy.this",
            "module.genai_document_bucket.aws_s3_bucket_public_access_block.this",
            "module.genai_document_bucket.data.aws_caller_identity.current",
            "module.genai_document_bucket.data.aws_iam_policy_document.access_log_delivery",
            "module.genai_document_bucket.data.aws_iam_policy_document.combined",
            "module.genai_document_bucket.data.aws_iam_policy_document.deny_incorrect_encryption_headers",
            "module.genai_document_bucket.data.aws_iam_policy_document.deny_incorrect_kms_key_sse",
            "module.genai_document_bucket.data.aws_iam_policy_document.deny_insecure_transport",
            "module.genai_document_bucket.data.aws_iam_policy_document.deny_unencrypted_object_uploads",
            "module.genai_document_bucket.data.aws_iam_policy_document.elb_log_delivery",
            "module.genai_document_bucket.data.aws_iam_policy_document.inventory_and_analytics_destination_policy",
            "module.genai_document_bucket.data.aws_iam_policy_document.lb_log_delivery",
            "module.genai_document_bucket.data.aws_iam_policy_document.require_latest_tls",
            "module.genai_document_bucket.data.aws_partition.current",
            "module.genai_document_bucket.data.aws_region.current",
            "module.lambda_function.data.external.archive_prepare",
            "module.lambda_function.local_file.archive_plan",
            "module.vector_store_bedrock_secret.aws_secretsmanager_secret.this",
            "module.vpc.aws_db_subnet_group.database",
            "module.vpc.aws_subnet.database",
            "module.vpc.aws_subnet.private",
            "module.vpc.aws_vpc.this",
            "module.vpc.aws_vpc_ipv4_cidr_block_association.this",
            "random_pet.this",
            "time_sleep.bedrock_role"
          ],
          "create_before_destroy": true
        }
      ]
    },
    {
      "module": "module.vector_store_bedrock_secret",
      "mode": "managed",
      "type": "aws_secretsmanager_secret",
      "name": "this",
      "provider": "provider[\"registry.terraform.io/hashicorp/aws\"]",
      "instances": [
        {
          "index_key": 0,
          "schema_version": 0,
          "attributes": {
            "arn": "arn:aws:secretsmanager:us-east-1:054037138392:secret:bedrock-secret-immune-hen20250706111641102000000007-Tw2BwQ",
            "description": "Vector Store bedrock secret",
            "force_overwrite_replica_secret": false,
            "id": "arn:aws:secretsmanager:us-east-1:054037138392:secret:bedrock-secret-immune-hen20250706111641102000000007-Tw2BwQ",
            "kms_key_id": "",
            "name": "bedrock-secret-immune-hen20250706111641102000000007",
            "name_prefix": "bedrock-secret-immune-hen",
            "policy": "",
            "recovery_window_in_days": 30,
            "region": "us-east-1",
            "replica": [],
            "tags": {
              "Application": "set-genai-aws-workshop"
            },
            "tags_all": {
              "Application": "set-genai-aws-workshop"
            }
          },
          "sensitive_attributes": [],
          "identity_schema_version": 0,
          "private": "bnVsbA==",
          "dependencies": [
            "aws_iam_role.vector_store_cluster_role",
            "data.aws_availability_zones.available",
            "module.aurora_postgresql_v2.aws_appautoscaling_policy.this",
            "module.aurora_postgresql_v2.aws_appautoscaling_target.this",
            "module.aurora_postgresql_v2.aws_cloudwatch_log_group.this",
            "module.aurora_postgresql_v2.aws_db_parameter_group.this",
            "module.aurora_postgresql_v2.aws_db_subnet_group.this",
            "module.aurora_postgresql_v2.aws_iam_role.rds_enhanced_monitoring",
            "module.aurora_postgresql_v2.aws_iam_role_policy_attachment.rds_enhanced_monitoring",
            "module.aurora_postgresql_v2.aws_rds_cluster.this",
            "module.aurora_postgresql_v2.aws_rds_cluster_activity_stream.this",
            "module.aurora_postgresql_v2.aws_rds_cluster_endpoint.this",
            "module.aurora_postgresql_v2.aws_rds_cluster_instance.this",
            "module.aurora_postgresql_v2.aws_rds_cluster_parameter_group.this",
            "module.aurora_postgresql_v2.aws_rds_cluster_role_association.this",
            "module.aurora_postgresql_v2.aws_secretsmanager_secret_rotation.this",
            "module.aurora_postgresql_v2.aws_security_group.this",
            "module.aurora_postgresql_v2.aws_security_group_rule.this",
            "module.aurora_postgresql_v2.data.aws_iam_policy_document.monitoring_rds_assume_role",
            "module.aurora_postgresql_v2.data.aws_partition.current",
            "module.vpc.aws_db_subnet_group.database",
            "module.vpc.aws_subnet.database",
            "module.vpc.aws_subnet.private",
            "module.vpc.aws_vpc.this",
            "module.vpc.aws_vpc_ipv4_cidr_block_association.this",
            "random_pet.this"
          ],
          "create_before_destroy": true
        }
      ]
    },
    {
      "module": "module.vector_store_bedrock_secret",
      "mode": "managed",
      "type": "aws_secretsmanager_secret_version",
      "name": "this",
      "provider": "provider[\"registry.terraform.io/hashicorp/aws\"]",
      "instances": [
        {
          "index_key": 0,
          "schema_version": 0,
          "attributes": {
            "arn": "arn:aws:secretsmanager:us-east-1:054037138392:secret:bedrock-secret-immune-hen20250706111641102000000007-Tw2BwQ",
            "has_secret_string_wo": null,
            "id": "arn:aws:secretsmanager:us-east-1:054037138392:secret:bedrock-secret-immune-hen20250706111641102000000007-Tw2BwQ|terraform-20250706111642097400000009",
            "region": "us-east-1",
            "secret_binary": "",
            "secret_id": "arn:aws:secretsmanager:us-east-1:054037138392:secret:bedrock-secret-immune-hen20250706111641102000000007-Tw2BwQ",
            "secret_string": "{\"dbClusterIdentifier\":\"genai-bedrock-vector-store-immune-hen\",\"engine\":\"postgres\",\"host\":\"genai-bedrock-vector-store-immune-hen.cluster-c232m6ykonqb.us-east-1.rds.amazonaws.com\",\"password\":\"bedrock_user\",\"port\":5432,\"username\":\"bedrock_user\"}",
            "secret_string_wo": null,
            "secret_string_wo_version": null,
            "version_id": "terraform-20250706111642097400000009",
            "version_stages": [
              "AWSCURRENT"
            ]
          },
          "sensitive_attributes": [
            [
              {
                "type": "get_attr",
                "value": "secret_binary"
              }
            ],
            [
              {
                "type": "get_attr",
                "value": "secret_string"
              }
            ],
            [
              {
                "type": "get_attr",
                "value": "secret_string_wo"
              }
            ]
          ],
          "identity_schema_version": 0,
          "private": "bnVsbA==",
          "dependencies": [
            "aws_iam_role.vector_store_cluster_role",
            "data.aws_availability_zones.available",
            "module.aurora_postgresql_v2.aws_appautoscaling_policy.this",
            "module.aurora_postgresql_v2.aws_appautoscaling_target.this",
            "module.aurora_postgresql_v2.aws_cloudwatch_log_group.this",
            "module.aurora_postgresql_v2.aws_db_parameter_group.this",
            "module.aurora_postgresql_v2.aws_db_subnet_group.this",
            "module.aurora_postgresql_v2.aws_iam_role.rds_enhanced_monitoring",
            "module.aurora_postgresql_v2.aws_iam_role_policy_attachment.rds_enhanced_monitoring",
            "module.aurora_postgresql_v2.aws_rds_cluster.this",
            "module.aurora_postgresql_v2.aws_rds_cluster_activity_stream.this",
            "module.aurora_postgresql_v2.aws_rds_cluster_endpoint.this",
            "module.aurora_postgresql_v2.aws_rds_cluster_instance.this",
            "module.aurora_postgresql_v2.aws_rds_cluster_parameter_group.this",
            "module.aurora_postgresql_v2.aws_rds_cluster_role_association.this",
            "module.aurora_postgresql_v2.aws_secretsmanager_secret_rotation.this",
            "module.aurora_postgresql_v2.aws_security_group.this",
            "module.aurora_postgresql_v2.aws_security_group_rule.this",
            "module.aurora_postgresql_v2.data.aws_iam_policy_document.monitoring_rds_assume_role",
            "module.aurora_postgresql_v2.data.aws_partition.current",
            "module.vector_store_bedrock_secret.aws_secretsmanager_secret.this",
            "module.vector_store_bedrock_secret.random_password.this",
            "module.vpc.aws_db_subnet_group.database",
            "module.vpc.aws_subnet.database",
            "module.vpc.aws_subnet.private",
            "module.vpc.aws_vpc.this",
            "module.vpc.aws_vpc_ipv4_cidr_block_association.this",
            "random_pet.this"
          ]
        }
      ]
    },
    {
      "module": "module.vpc",
      "mode": "managed",
      "type": "aws_db_subnet_group",
      "name": "database",
      "provider": "provider[\"registry.terraform.io/hashicorp/aws\"]",
      "instances": [
        {
          "index_key": 0,
          "schema_version": 0,
          "attributes": {
            "arn": "arn:aws:rds:us-east-1:054037138392:subgrp:genai-vpc-immune-hen",
            "description": "Database subnet group for genai-vpc-immune-hen",
            "id": "genai-vpc-immune-hen",
            "name": "genai-vpc-immune-hen",
            "name_prefix": "",
            "region": "us-east-1",
            "subnet_ids": [
              "subnet-0565a28a6bcaac1fb",
              "subnet-069ce703a190b330d",
              "subnet-0ff62925dff4f5f2e"
            ],
            "supported_network_types": [
              "IPV4"
            ],
            "tags": {
              "Application": "set-genai-aws-workshop",
              "Name": "genai-vpc-immune-hen"
            },
            "tags_all": {
              "Application": "set-genai-aws-workshop",
              "Name": "genai-vpc-immune-hen"
            },
            "vpc_id": "vpc-09b85ac8b5c7b1f0f"
          },
          "sensitive_attributes": [],
          "identity_schema_version": 0,
          "private": "bnVsbA==",
          "dependencies": [
            "data.aws_availability_zones.available",
            "module.vpc.aws_subnet.database",
            "module.vpc.aws_vpc.this",
            "module.vpc.aws_vpc_ipv4_cidr_block_association.this",
            "random_pet.this"
          ],
          "create_before_destroy": true
        }
      ]
    },
    {
      "module": "module.vpc",
      "mode": "managed",
      "type": "aws_default_network_acl",
      "name": "this",
      "provider": "provider[\"registry.terraform.io/hashicorp/aws\"]",
      "instances": [
        {
          "index_key": 0,
          "schema_version": 0,
          "attributes": {
            "arn": "arn:aws:ec2:us-east-1:054037138392:network-acl/acl-0dbcb4380e892d22c",
            "default_network_acl_id": "acl-0dbcb4380e892d22c",
            "egress": [
              {
                "action": "allow",
                "cidr_block": "",
                "from_port": 0,
                "icmp_code": 0,
                "icmp_type": 0,
                "ipv6_cidr_block": "::/0",
                "protocol": "-1",
                "rule_no": 101,
                "to_port": 0
              },
              {
                "action": "allow",
                "cidr_block": "0.0.0.0/0",
                "from_port": 0,
                "icmp_code": 0,
                "icmp_type": 0,
                "ipv6_cidr_block": "",
                "protocol": "-1",
                "rule_no": 100,
                "to_port": 0
              }
            ],
            "id": "acl-0dbcb4380e892d22c",
            "ingress": [
              {
                "action": "allow",
                "cidr_block": "",
                "from_port": 0,
                "icmp_code": 0,
                "icmp_type": 0,
                "ipv6_cidr_block": "::/0",
                "protocol": "-1",
                "rule_no": 101,
                "to_port": 0
              },
              {
                "action": "allow",
                "cidr_block": "0.0.0.0/0",
                "from_port": 0,
                "icmp_code": 0,
                "icmp_type": 0,
                "ipv6_cidr_block": "",
                "protocol": "-1",
                "rule_no": 100,
                "to_port": 0
              }
            ],
            "owner_id": "054037138392",
            "region": "us-east-1",
            "subnet_ids": [
              "subnet-02deec2164866e9d3",
              "subnet-0565a28a6bcaac1fb",
              "subnet-069ce703a190b330d",
              "subnet-0751dd5a8a0c84540",
              "subnet-0b3ec04b85e2819bf",
              "subnet-0b5a47cb23636f03d",
              "subnet-0db6cee907f4b27ff",
              "subnet-0df7ce4e24e78b450",
              "subnet-0ff62925dff4f5f2e"
            ],
            "tags": {
              "Application": "set-genai-aws-workshop",
              "Name": "genai-vpc-immune-hen-default"
            },
            "tags_all": {
              "Application": "set-genai-aws-workshop",
              "Name": "genai-vpc-immune-hen-default"
            },
            "vpc_id": "vpc-09b85ac8b5c7b1f0f"
          },
          "sensitive_attributes": [],
          "identity_schema_version": 0,
          "private": "bnVsbA==",
          "dependencies": [
            "module.vpc.aws_vpc.this",
            "random_pet.this"
          ]
        }
      ]
    },
    {
      "module": "module.vpc",
      "mode": "managed",
      "type": "aws_default_route_table",
      "name": "default",
      "provider": "provider[\"registry.terraform.io/hashicorp/aws\"]",
      "instances": [
        {
          "index_key": 0,
          "schema_version": 0,
          "attributes": {
            "arn": "arn:aws:ec2:us-east-1:054037138392:route-table/rtb-010b2c2c5d797ab26",
            "default_route_table_id": "rtb-010b2c2c5d797ab26",
            "id": "rtb-010b2c2c5d797ab26",
            "owner_id": "054037138392",
            "propagating_vgws": [],
            "region": "us-east-1",
            "route": [],
            "tags": {
              "Application": "set-genai-aws-workshop",
              "Name": "genai-vpc-immune-hen-default"
            },
            "tags_all": {
              "Application": "set-genai-aws-workshop",
              "Name": "genai-vpc-immune-hen-default"
            },
            "timeouts": {
              "create": "5m",
              "update": "5m"
            },
            "vpc_id": "vpc-09b85ac8b5c7b1f0f"
          },
          "sensitive_attributes": [],
          "identity_schema_version": 0,
          "private": "eyJlMmJmYjczMC1lY2FhLTExZTYtOGY4OC0zNDM2M2JjN2M0YzAiOnsiY3JlYXRlIjozMDAwMDAwMDAwMDAsInVwZGF0ZSI6MzAwMDAwMDAwMDAwfX0=",
          "dependencies": [
            "module.vpc.aws_vpc.this",
            "random_pet.this"
          ]
        }
      ]
    },
    {
      "module": "module.vpc",
      "mode": "managed",
      "type": "aws_default_security_group",
      "name": "this",
      "provider": "provider[\"registry.terraform.io/hashicorp/aws\"]",
      "instances": [
        {
          "index_key": 0,
          "schema_version": 1,
          "attributes": {
            "arn": "arn:aws:ec2:us-east-1:054037138392:security-group/sg-0c8191692d83abafe",
            "description": "default VPC security group",
            "egress": [],
            "id": "sg-0c8191692d83abafe",
            "ingress": [],
            "name": "default",
            "name_prefix": "",
            "owner_id": "054037138392",
            "region": "us-east-1",
            "revoke_rules_on_delete": false,
            "tags": {
              "Application": "set-genai-aws-workshop",
              "Name": "genai-vpc-immune-hen-default"
            },
            "tags_all": {
              "Application": "set-genai-aws-workshop",
              "Name": "genai-vpc-immune-hen-default"
            },
            "vpc_id": "vpc-09b85ac8b5c7b1f0f"
          },
          "sensitive_attributes": [],
          "identity_schema_version": 0,
          "private": "eyJzY2hlbWFfdmVyc2lvbiI6IjEifQ==",
          "dependencies": [
            "module.vpc.aws_vpc.this",
            "random_pet.this"
          ]
        }
      ]
    },
    {
      "module": "module.vpc",
      "mode": "managed",
      "type": "aws_internet_gateway",
      "name": "this",
      "provider": "provider[\"registry.terraform.io/hashicorp/aws\"]",
      "instances": [
        {
          "index_key": 0,
          "schema_version": 0,
          "attributes": {
            "arn": "arn:aws:ec2:us-east-1:054037138392:internet-gateway/igw-034712e8cebcf981a",
            "id": "igw-034712e8cebcf981a",
            "owner_id": "054037138392",
            "region": "us-east-1",
            "tags": {
              "Application": "set-genai-aws-workshop",
              "Name": "genai-vpc-immune-hen"
            },
            "tags_all": {
              "Application": "set-genai-aws-workshop",
              "Name": "genai-vpc-immune-hen"
            },
            "timeouts": null,
            "vpc_id": "vpc-09b85ac8b5c7b1f0f"
          },
          "sensitive_attributes": [],
          "identity_schema_version": 0,
          "private": "eyJlMmJmYjczMC1lY2FhLTExZTYtOGY4OC0zNDM2M2JjN2M0YzAiOnsiY3JlYXRlIjoxMjAwMDAwMDAwMDAwLCJkZWxldGUiOjEyMDAwMDAwMDAwMDAsInVwZGF0ZSI6MTIwMDAwMDAwMDAwMH19",
          "dependencies": [
            "data.aws_availability_zones.available",
            "module.vpc.aws_vpc.this",
            "module.vpc.aws_vpc_ipv4_cidr_block_association.this",
            "random_pet.this"
          ]
        }
      ]
    },
    {
      "module": "module.vpc",
      "mode": "managed",
      "type": "aws_route",
      "name": "public_internet_gateway",
      "provider": "provider[\"registry.terraform.io/hashicorp/aws\"]",
      "instances": [
        {
          "index_key": 0,
          "schema_version": 0,
          "attributes": {
            "carrier_gateway_id": "",
            "core_network_arn": "",
            "destination_cidr_block": "0.0.0.0/0",
            "destination_ipv6_cidr_block": "",
            "destination_prefix_list_id": "",
            "egress_only_gateway_id": "",
            "gateway_id": "igw-034712e8cebcf981a",
            "id": "r-rtb-018c7531fd8d5441c1080289494",
            "instance_id": "",
            "instance_owner_id": "",
            "local_gateway_id": "",
            "nat_gateway_id": "",
            "network_interface_id": "",
            "origin": "CreateRoute",
            "region": "us-east-1",
            "route_table_id": "rtb-018c7531fd8d5441c",
            "state": "active",
            "timeouts": {
              "create": "5m",
              "delete": null,
              "update": null
            },
            "transit_gateway_id": "",
            "vpc_endpoint_id": "",
            "vpc_peering_connection_id": ""
          },
          "sensitive_attributes": [],
          "identity_schema_version": 0,
          "private": "eyJlMmJmYjczMC1lY2FhLTExZTYtOGY4OC0zNDM2M2JjN2M0YzAiOnsiY3JlYXRlIjozMDAwMDAwMDAwMDAsImRlbGV0ZSI6MzAwMDAwMDAwMDAwLCJ1cGRhdGUiOjEyMDAwMDAwMDAwMH19",
          "dependencies": [
            "data.aws_availability_zones.available",
            "module.vpc.aws_internet_gateway.this",
            "module.vpc.aws_route_table.public",
            "module.vpc.aws_vpc.this",
            "module.vpc.aws_vpc_ipv4_cidr_block_association.this",
            "random_pet.this"
          ]
        }
      ]
    },
    {
      "module": "module.vpc",
      "mode": "managed",
      "type": "aws_route_table",
      "name": "private",
      "provider": "provider[\"registry.terraform.io/hashicorp/aws\"]",
      "instances": [
        {
          "index_key": 0,
          "schema_version": 0,
          "attributes": {
            "arn": "arn:aws:ec2:us-east-1:054037138392:route-table/rtb-07cb2cc7180922c19",
            "id": "rtb-07cb2cc7180922c19",
            "owner_id": "054037138392",
            "propagating_vgws": [],
            "region": "us-east-1",
            "route": [],
            "tags": {
              "Application": "set-genai-aws-workshop",
              "Name": "genai-vpc-immune-hen-private-us-east-1a"
            },
            "tags_all": {
              "Application": "set-genai-aws-workshop",
              "Name": "genai-vpc-immune-hen-private-us-east-1a"
            },
            "timeouts": null,
            "vpc_id": "vpc-09b85ac8b5c7b1f0f"
          },
          "sensitive_attributes": [],
          "identity_schema_version": 0,
          "private": "eyJlMmJmYjczMC1lY2FhLTExZTYtOGY4OC0zNDM2M2JjN2M0YzAiOnsiY3JlYXRlIjozMDAwMDAwMDAwMDAsImRlbGV0ZSI6MzAwMDAwMDAwMDAwLCJ1cGRhdGUiOjEyMDAwMDAwMDAwMH19",
          "dependencies": [
            "data.aws_availability_zones.available",
            "module.vpc.aws_vpc.this",
            "module.vpc.aws_vpc_ipv4_cidr_block_association.this",
            "random_pet.this"
          ]
        },
        {
          "index_key": 1,
          "schema_version": 0,
          "attributes": {
            "arn": "arn:aws:ec2:us-east-1:054037138392:route-table/rtb-04556fe274432cde8",
            "id": "rtb-04556fe274432cde8",
            "owner_id": "054037138392",
            "propagating_vgws": [],
            "region": "us-east-1",
            "route": [],
            "tags": {
              "Application": "set-genai-aws-workshop",
              "Name": "genai-vpc-immune-hen-private-us-east-1b"
            },
            "tags_all": {
              "Application": "set-genai-aws-workshop",
              "Name": "genai-vpc-immune-hen-private-us-east-1b"
            },
            "timeouts": null,
            "vpc_id": "vpc-09b85ac8b5c7b1f0f"
          },
          "sensitive_attributes": [],
          "identity_schema_version": 0,
          "private": "eyJlMmJmYjczMC1lY2FhLTExZTYtOGY4OC0zNDM2M2JjN2M0YzAiOnsiY3JlYXRlIjozMDAwMDAwMDAwMDAsImRlbGV0ZSI6MzAwMDAwMDAwMDAwLCJ1cGRhdGUiOjEyMDAwMDAwMDAwMH19",
          "dependencies": [
            "data.aws_availability_zones.available",
            "module.vpc.aws_vpc.this",
            "module.vpc.aws_vpc_ipv4_cidr_block_association.this",
            "random_pet.this"
          ]
        },
        {
          "index_key": 2,
          "schema_version": 0,
          "attributes": {
            "arn": "arn:aws:ec2:us-east-1:054037138392:route-table/rtb-0494d3a480b3bd6b2",
            "id": "rtb-0494d3a480b3bd6b2",
            "owner_id": "054037138392",
            "propagating_vgws": [],
            "region": "us-east-1",
            "route": [],
            "tags": {
              "Application": "set-genai-aws-workshop",
              "Name": "genai-vpc-immune-hen-private-us-east-1c"
            },
            "tags_all": {
              "Application": "set-genai-aws-workshop",
              "Name": "genai-vpc-immune-hen-private-us-east-1c"
            },
            "timeouts": null,
            "vpc_id": "vpc-09b85ac8b5c7b1f0f"
          },
          "sensitive_attributes": [],
          "identity_schema_version": 0,
          "private": "eyJlMmJmYjczMC1lY2FhLTExZTYtOGY4OC0zNDM2M2JjN2M0YzAiOnsiY3JlYXRlIjozMDAwMDAwMDAwMDAsImRlbGV0ZSI6MzAwMDAwMDAwMDAwLCJ1cGRhdGUiOjEyMDAwMDAwMDAwMH19",
          "dependencies": [
            "data.aws_availability_zones.available",
            "module.vpc.aws_vpc.this",
            "module.vpc.aws_vpc_ipv4_cidr_block_association.this",
            "random_pet.this"
          ]
        }
      ]
    },
    {
      "module": "module.vpc",
      "mode": "managed",
      "type": "aws_route_table",
      "name": "public",
      "provider": "provider[\"registry.terraform.io/hashicorp/aws\"]",
      "instances": [
        {
          "index_key": 0,
          "schema_version": 0,
          "attributes": {
            "arn": "arn:aws:ec2:us-east-1:054037138392:route-table/rtb-018c7531fd8d5441c",
            "id": "rtb-018c7531fd8d5441c",
            "owner_id": "054037138392",
            "propagating_vgws": [],
            "region": "us-east-1",
            "route": [
              {
                "carrier_gateway_id": "",
                "cidr_block": "0.0.0.0/0",
                "core_network_arn": "",
                "destination_prefix_list_id": "",
                "egress_only_gateway_id": "",
                "gateway_id": "igw-034712e8cebcf981a",
                "ipv6_cidr_block": "",
                "local_gateway_id": "",
                "nat_gateway_id": "",
                "network_interface_id": "",
                "transit_gateway_id": "",
                "vpc_endpoint_id": "",
                "vpc_peering_connection_id": ""
              }
            ],
            "tags": {
              "Application": "set-genai-aws-workshop",
              "Name": "genai-vpc-immune-hen-public"
            },
            "tags_all": {
              "Application": "set-genai-aws-workshop",
              "Name": "genai-vpc-immune-hen-public"
            },
            "timeouts": null,
            "vpc_id": "vpc-09b85ac8b5c7b1f0f"
          },
          "sensitive_attributes": [],
          "identity_schema_version": 0,
          "private": "eyJlMmJmYjczMC1lY2FhLTExZTYtOGY4OC0zNDM2M2JjN2M0YzAiOnsiY3JlYXRlIjozMDAwMDAwMDAwMDAsImRlbGV0ZSI6MzAwMDAwMDAwMDAwLCJ1cGRhdGUiOjEyMDAwMDAwMDAwMH19",
          "dependencies": [
            "data.aws_availability_zones.available",
            "module.vpc.aws_vpc.this",
            "module.vpc.aws_vpc_ipv4_cidr_block_association.this",
            "random_pet.this"
          ]
        }
      ]
    },
    {
      "module": "module.vpc",
      "mode": "managed",
      "type": "aws_route_table_association",
      "name": "database",
      "provider": "provider[\"registry.terraform.io/hashicorp/aws\"]",
      "instances": [
        {
          "index_key": 0,
          "schema_version": 0,
          "attributes": {
            "gateway_id": "",
            "id": "rtbassoc-00e0ce6c5ae1bee6d",
            "region": "us-east-1",
            "route_table_id": "rtb-07cb2cc7180922c19",
            "subnet_id": "subnet-0565a28a6bcaac1fb",
            "timeouts": null
          },
          "sensitive_attributes": [],
          "identity_schema_version": 0,
          "private": "eyJlMmJmYjczMC1lY2FhLTExZTYtOGY4OC0zNDM2M2JjN2M0YzAiOnsiY3JlYXRlIjozMDAwMDAwMDAwMDAsImRlbGV0ZSI6MzAwMDAwMDAwMDAwLCJ1cGRhdGUiOjEyMDAwMDAwMDAwMH19",
          "dependencies": [
            "data.aws_availability_zones.available",
            "module.vpc.aws_route_table.database",
            "module.vpc.aws_route_table.private",
            "module.vpc.aws_subnet.database",
            "module.vpc.aws_vpc.this",
            "module.vpc.aws_vpc_ipv4_cidr_block_association.this",
            "random_pet.this"
          ]
        },
        {
          "index_key": 1,
          "schema_version": 0,
          "attributes": {
            "gateway_id": "",
            "id": "rtbassoc-009f75a0d2944723c",
            "region": "us-east-1",
            "route_table_id": "rtb-04556fe274432cde8",
            "subnet_id": "subnet-0ff62925dff4f5f2e",
            "timeouts": null
          },
          "sensitive_attributes": [],
          "identity_schema_version": 0,
          "private": "eyJlMmJmYjczMC1lY2FhLTExZTYtOGY4OC0zNDM2M2JjN2M0YzAiOnsiY3JlYXRlIjozMDAwMDAwMDAwMDAsImRlbGV0ZSI6MzAwMDAwMDAwMDAwLCJ1cGRhdGUiOjEyMDAwMDAwMDAwMH19",
          "dependencies": [
            "data.aws_availability_zones.available",
            "module.vpc.aws_route_table.database",
            "module.vpc.aws_route_table.private",
            "module.vpc.aws_subnet.database",
            "module.vpc.aws_vpc.this",
            "module.vpc.aws_vpc_ipv4_cidr_block_association.this",
            "random_pet.this"
          ]
        },
        {
          "index_key": 2,
          "schema_version": 0,
          "attributes": {
            "gateway_id": "",
            "id": "rtbassoc-0853518f4a1ec8182",
            "region": "us-east-1",
            "route_table_id": "rtb-0494d3a480b3bd6b2",
            "subnet_id": "subnet-069ce703a190b330d",
            "timeouts": null
          },
          "sensitive_attributes": [],
          "identity_schema_version": 0,
          "private": "eyJlMmJmYjczMC1lY2FhLTExZTYtOGY4OC0zNDM2M2JjN2M0YzAiOnsiY3JlYXRlIjozMDAwMDAwMDAwMDAsImRlbGV0ZSI6MzAwMDAwMDAwMDAwLCJ1cGRhdGUiOjEyMDAwMDAwMDAwMH19",
          "dependencies": [
            "data.aws_availability_zones.available",
            "module.vpc.aws_route_table.database",
            "module.vpc.aws_route_table.private",
            "module.vpc.aws_subnet.database",
            "module.vpc.aws_vpc.this",
            "module.vpc.aws_vpc_ipv4_cidr_block_association.this",
            "random_pet.this"
          ]
        }
      ]
    },
    {
      "module": "module.vpc",
      "mode": "managed",
      "type": "aws_route_table_association",
      "name": "private",
      "provider": "provider[\"registry.terraform.io/hashicorp/aws\"]",
      "instances": [
        {
          "index_key": 0,
          "schema_version": 0,
          "attributes": {
            "gateway_id": "",
            "id": "rtbassoc-0afe4024e81077669",
            "region": "us-east-1",
            "route_table_id": "rtb-07cb2cc7180922c19",
            "subnet_id": "subnet-0b5a47cb23636f03d",
            "timeouts": null
          },
          "sensitive_attributes": [],
          "identity_schema_version": 0,
          "private": "eyJlMmJmYjczMC1lY2FhLTExZTYtOGY4OC0zNDM2M2JjN2M0YzAiOnsiY3JlYXRlIjozMDAwMDAwMDAwMDAsImRlbGV0ZSI6MzAwMDAwMDAwMDAwLCJ1cGRhdGUiOjEyMDAwMDAwMDAwMH19",
          "dependencies": [
            "data.aws_availability_zones.available",
            "module.vpc.aws_route_table.private",
            "module.vpc.aws_subnet.private",
            "module.vpc.aws_vpc.this",
            "module.vpc.aws_vpc_ipv4_cidr_block_association.this",
            "random_pet.this"
          ]
        },
        {
          "index_key": 1,
          "schema_version": 0,
          "attributes": {
            "gateway_id": "",
            "id": "rtbassoc-00d7f6d0546eaac35",
            "region": "us-east-1",
            "route_table_id": "rtb-04556fe274432cde8",
            "subnet_id": "subnet-0db6cee907f4b27ff",
            "timeouts": null
          },
          "sensitive_attributes": [],
          "identity_schema_version": 0,
          "private": "eyJlMmJmYjczMC1lY2FhLTExZTYtOGY4OC0zNDM2M2JjN2M0YzAiOnsiY3JlYXRlIjozMDAwMDAwMDAwMDAsImRlbGV0ZSI6MzAwMDAwMDAwMDAwLCJ1cGRhdGUiOjEyMDAwMDAwMDAwMH19",
          "dependencies": [
            "data.aws_availability_zones.available",
            "module.vpc.aws_route_table.private",
            "module.vpc.aws_subnet.private",
            "module.vpc.aws_vpc.this",
            "module.vpc.aws_vpc_ipv4_cidr_block_association.this",
            "random_pet.this"
          ]
        },
        {
          "index_key": 2,
          "schema_version": 0,
          "attributes": {
            "gateway_id": "",
            "id": "rtbassoc-0e2caf0543074cc57",
            "region": "us-east-1",
            "route_table_id": "rtb-0494d3a480b3bd6b2",
            "subnet_id": "subnet-0751dd5a8a0c84540",
            "timeouts": null
          },
          "sensitive_attributes": [],
          "identity_schema_version": 0,
          "private": "eyJlMmJmYjczMC1lY2FhLTExZTYtOGY4OC0zNDM2M2JjN2M0YzAiOnsiY3JlYXRlIjozMDAwMDAwMDAwMDAsImRlbGV0ZSI6MzAwMDAwMDAwMDAwLCJ1cGRhdGUiOjEyMDAwMDAwMDAwMH19",
          "dependencies": [
            "data.aws_availability_zones.available",
            "module.vpc.aws_route_table.private",
            "module.vpc.aws_subnet.private",
            "module.vpc.aws_vpc.this",
            "module.vpc.aws_vpc_ipv4_cidr_block_association.this",
            "random_pet.this"
          ]
        }
      ]
    },
    {
      "module": "module.vpc",
      "mode": "managed",
      "type": "aws_route_table_association",
      "name": "public",
      "provider": "provider[\"registry.terraform.io/hashicorp/aws\"]",
      "instances": [
        {
          "index_key": 0,
          "schema_version": 0,
          "attributes": {
            "gateway_id": "",
            "id": "rtbassoc-0678e281fe4df670c",
            "region": "us-east-1",
            "route_table_id": "rtb-018c7531fd8d5441c",
            "subnet_id": "subnet-02deec2164866e9d3",
            "timeouts": null
          },
          "sensitive_attributes": [],
          "identity_schema_version": 0,
          "private": "eyJlMmJmYjczMC1lY2FhLTExZTYtOGY4OC0zNDM2M2JjN2M0YzAiOnsiY3JlYXRlIjozMDAwMDAwMDAwMDAsImRlbGV0ZSI6MzAwMDAwMDAwMDAwLCJ1cGRhdGUiOjEyMDAwMDAwMDAwMH19",
          "dependencies": [
            "data.aws_availability_zones.available",
            "module.vpc.aws_route_table.public",
            "module.vpc.aws_subnet.public",
            "module.vpc.aws_vpc.this",
            "module.vpc.aws_vpc_ipv4_cidr_block_association.this",
            "random_pet.this"
          ]
        },
        {
          "index_key": 1,
          "schema_version": 0,
          "attributes": {
            "gateway_id": "",
            "id": "rtbassoc-02ebaafcfa58d9247",
            "region": "us-east-1",
            "route_table_id": "rtb-018c7531fd8d5441c",
            "subnet_id": "subnet-0df7ce4e24e78b450",
            "timeouts": null
          },
          "sensitive_attributes": [],
          "identity_schema_version": 0,
          "private": "eyJlMmJmYjczMC1lY2FhLTExZTYtOGY4OC0zNDM2M2JjN2M0YzAiOnsiY3JlYXRlIjozMDAwMDAwMDAwMDAsImRlbGV0ZSI6MzAwMDAwMDAwMDAwLCJ1cGRhdGUiOjEyMDAwMDAwMDAwMH19",
          "dependencies": [
            "data.aws_availability_zones.available",
            "module.vpc.aws_route_table.public",
            "module.vpc.aws_subnet.public",
            "module.vpc.aws_vpc.this",
            "module.vpc.aws_vpc_ipv4_cidr_block_association.this",
            "random_pet.this"
          ]
        },
        {
          "index_key": 2,
          "schema_version": 0,
          "attributes": {
            "gateway_id": "",
            "id": "rtbassoc-0f088bc54397a29ee",
            "region": "us-east-1",
            "route_table_id": "rtb-018c7531fd8d5441c",
            "subnet_id": "subnet-0b3ec04b85e2819bf",
            "timeouts": null
          },
          "sensitive_attributes": [],
          "identity_schema_version": 0,
          "private": "eyJlMmJmYjczMC1lY2FhLTExZTYtOGY4OC0zNDM2M2JjN2M0YzAiOnsiY3JlYXRlIjozMDAwMDAwMDAwMDAsImRlbGV0ZSI6MzAwMDAwMDAwMDAwLCJ1cGRhdGUiOjEyMDAwMDAwMDAwMH19",
          "dependencies": [
            "data.aws_availability_zones.available",
            "module.vpc.aws_route_table.public",
            "module.vpc.aws_subnet.public",
            "module.vpc.aws_vpc.this",
            "module.vpc.aws_vpc_ipv4_cidr_block_association.this",
            "random_pet.this"
          ]
        }
      ]
    },
    {
      "module": "module.vpc",
      "mode": "managed",
      "type": "aws_subnet",
      "name": "database",
      "provider": "provider[\"registry.terraform.io/hashicorp/aws\"]",
      "instances": [
        {
          "index_key": 0,
          "schema_version": 1,
          "attributes": {
            "arn": "arn:aws:ec2:us-east-1:054037138392:subnet/subnet-0565a28a6bcaac1fb",
            "assign_ipv6_address_on_creation": false,
            "availability_zone": "us-east-1a",
            "availability_zone_id": "use1-az4",
            "cidr_block": "10.0.6.0/24",
            "customer_owned_ipv4_pool": "",
            "enable_dns64": false,
            "enable_lni_at_device_index": 0,
            "enable_resource_name_dns_a_record_on_launch": false,
            "enable_resource_name_dns_aaaa_record_on_launch": false,
            "id": "subnet-0565a28a6bcaac1fb",
            "ipv6_cidr_block": "",
            "ipv6_cidr_block_association_id": "",
            "ipv6_native": false,
            "map_customer_owned_ip_on_launch": false,
            "map_public_ip_on_launch": false,
            "outpost_arn": "",
            "owner_id": "054037138392",
            "private_dns_hostname_type_on_launch": "ip-name",
            "region": "us-east-1",
            "tags": {
              "Application": "set-genai-aws-workshop",
              "Name": "genai-vpc-immune-hen-db-us-east-1a"
            },
            "tags_all": {
              "Application": "set-genai-aws-workshop",
              "Name": "genai-vpc-immune-hen-db-us-east-1a"
            },
            "timeouts": null,
            "vpc_id": "vpc-09b85ac8b5c7b1f0f"
          },
          "sensitive_attributes": [],
          "identity_schema_version": 0,
          "private": "eyJlMmJmYjczMC1lY2FhLTExZTYtOGY4OC0zNDM2M2JjN2M0YzAiOnsiY3JlYXRlIjo2MDAwMDAwMDAwMDAsImRlbGV0ZSI6MTIwMDAwMDAwMDAwMH0sInNjaGVtYV92ZXJzaW9uIjoiMSJ9",
          "dependencies": [
            "data.aws_availability_zones.available",
            "module.vpc.aws_vpc.this",
            "module.vpc.aws_vpc_ipv4_cidr_block_association.this",
            "random_pet.this"
          ],
          "create_before_destroy": true
        },
        {
          "index_key": 1,
          "schema_version": 1,
          "attributes": {
            "arn": "arn:aws:ec2:us-east-1:054037138392:subnet/subnet-0ff62925dff4f5f2e",
            "assign_ipv6_address_on_creation": false,
            "availability_zone": "us-east-1b",
            "availability_zone_id": "use1-az6",
            "cidr_block": "10.0.7.0/24",
            "customer_owned_ipv4_pool": "",
            "enable_dns64": false,
            "enable_lni_at_device_index": 0,
            "enable_resource_name_dns_a_record_on_launch": false,
            "enable_resource_name_dns_aaaa_record_on_launch": false,
            "id": "subnet-0ff62925dff4f5f2e",
            "ipv6_cidr_block": "",
            "ipv6_cidr_block_association_id": "",
            "ipv6_native": false,
            "map_customer_owned_ip_on_launch": false,
            "map_public_ip_on_launch": false,
            "outpost_arn": "",
            "owner_id": "054037138392",
            "private_dns_hostname_type_on_launch": "ip-name",
            "region": "us-east-1",
            "tags": {
              "Application": "set-genai-aws-workshop",
              "Name": "genai-vpc-immune-hen-db-us-east-1b"
            },
            "tags_all": {
              "Application": "set-genai-aws-workshop",
              "Name": "genai-vpc-immune-hen-db-us-east-1b"
            },
            "timeouts": null,
            "vpc_id": "vpc-09b85ac8b5c7b1f0f"
          },
          "sensitive_attributes": [],
          "identity_schema_version": 0,
          "private": "eyJlMmJmYjczMC1lY2FhLTExZTYtOGY4OC0zNDM2M2JjN2M0YzAiOnsiY3JlYXRlIjo2MDAwMDAwMDAwMDAsImRlbGV0ZSI6MTIwMDAwMDAwMDAwMH0sInNjaGVtYV92ZXJzaW9uIjoiMSJ9",
          "dependencies": [
            "data.aws_availability_zones.available",
            "module.vpc.aws_vpc.this",
            "module.vpc.aws_vpc_ipv4_cidr_block_association.this",
            "random_pet.this"
          ],
          "create_before_destroy": true
        },
        {
          "index_key": 2,
          "schema_version": 1,
          "attributes": {
            "arn": "arn:aws:ec2:us-east-1:054037138392:subnet/subnet-069ce703a190b330d",
            "assign_ipv6_address_on_creation": false,
            "availability_zone": "us-east-1c",
            "availability_zone_id": "use1-az1",
            "cidr_block": "10.0.8.0/24",
            "customer_owned_ipv4_pool": "",
            "enable_dns64": false,
            "enable_lni_at_device_index": 0,
            "enable_resource_name_dns_a_record_on_launch": false,
            "enable_resource_name_dns_aaaa_record_on_launch": false,
            "id": "subnet-069ce703a190b330d",
            "ipv6_cidr_block": "",
            "ipv6_cidr_block_association_id": "",
            "ipv6_native": false,
            "map_customer_owned_ip_on_launch": false,
            "map_public_ip_on_launch": false,
            "outpost_arn": "",
            "owner_id": "054037138392",
            "private_dns_hostname_type_on_launch": "ip-name",
            "region": "us-east-1",
            "tags": {
              "Application": "set-genai-aws-workshop",
              "Name": "genai-vpc-immune-hen-db-us-east-1c"
            },
            "tags_all": {
              "Application": "set-genai-aws-workshop",
              "Name": "genai-vpc-immune-hen-db-us-east-1c"
            },
            "timeouts": null,
            "vpc_id": "vpc-09b85ac8b5c7b1f0f"
          },
          "sensitive_attributes": [],
          "identity_schema_version": 0,
          "private": "eyJlMmJmYjczMC1lY2FhLTExZTYtOGY4OC0zNDM2M2JjN2M0YzAiOnsiY3JlYXRlIjo2MDAwMDAwMDAwMDAsImRlbGV0ZSI6MTIwMDAwMDAwMDAwMH0sInNjaGVtYV92ZXJzaW9uIjoiMSJ9",
          "dependencies": [
            "data.aws_availability_zones.available",
            "module.vpc.aws_vpc.this",
            "module.vpc.aws_vpc_ipv4_cidr_block_association.this",
            "random_pet.this"
          ],
          "create_before_destroy": true
        }
      ]
    },
    {
      "module": "module.vpc",
      "mode": "managed",
      "type": "aws_subnet",
      "name": "private",
      "provider": "provider[\"registry.terraform.io/hashicorp/aws\"]",
      "instances": [
        {
          "index_key": 0,
          "schema_version": 1,
          "attributes": {
            "arn": "arn:aws:ec2:us-east-1:054037138392:subnet/subnet-0b5a47cb23636f03d",
            "assign_ipv6_address_on_creation": false,
            "availability_zone": "us-east-1a",
            "availability_zone_id": "use1-az4",
            "cidr_block": "10.0.3.0/24",
            "customer_owned_ipv4_pool": "",
            "enable_dns64": false,
            "enable_lni_at_device_index": 0,
            "enable_resource_name_dns_a_record_on_launch": false,
            "enable_resource_name_dns_aaaa_record_on_launch": false,
            "id": "subnet-0b5a47cb23636f03d",
            "ipv6_cidr_block": "",
            "ipv6_cidr_block_association_id": "",
            "ipv6_native": false,
            "map_customer_owned_ip_on_launch": false,
            "map_public_ip_on_launch": false,
            "outpost_arn": "",
            "owner_id": "054037138392",
            "private_dns_hostname_type_on_launch": "ip-name",
            "region": "us-east-1",
            "tags": {
              "Application": "set-genai-aws-workshop",
              "Name": "genai-vpc-immune-hen-private-us-east-1a"
            },
            "tags_all": {
              "Application": "set-genai-aws-workshop",
              "Name": "genai-vpc-immune-hen-private-us-east-1a"
            },
            "timeouts": null,
            "vpc_id": "vpc-09b85ac8b5c7b1f0f"
          },
          "sensitive_attributes": [],
          "identity_schema_version": 0,
          "private": "eyJlMmJmYjczMC1lY2FhLTExZTYtOGY4OC0zNDM2M2JjN2M0YzAiOnsiY3JlYXRlIjo2MDAwMDAwMDAwMDAsImRlbGV0ZSI6MTIwMDAwMDAwMDAwMH0sInNjaGVtYV92ZXJzaW9uIjoiMSJ9",
          "dependencies": [
            "data.aws_availability_zones.available",
            "module.vpc.aws_vpc.this",
            "module.vpc.aws_vpc_ipv4_cidr_block_association.this",
            "random_pet.this"
          ],
          "create_before_destroy": true
        },
        {
          "index_key": 1,
          "schema_version": 1,
          "attributes": {
            "arn": "arn:aws:ec2:us-east-1:054037138392:subnet/subnet-0db6cee907f4b27ff",
            "assign_ipv6_address_on_creation": false,
            "availability_zone": "us-east-1b",
            "availability_zone_id": "use1-az6",
            "cidr_block": "10.0.4.0/24",
            "customer_owned_ipv4_pool": "",
            "enable_dns64": false,
            "enable_lni_at_device_index": 0,
            "enable_resource_name_dns_a_record_on_launch": false,
            "enable_resource_name_dns_aaaa_record_on_launch": false,
            "id": "subnet-0db6cee907f4b27ff",
            "ipv6_cidr_block": "",
            "ipv6_cidr_block_association_id": "",
            "ipv6_native": false,
            "map_customer_owned_ip_on_launch": false,
            "map_public_ip_on_launch": false,
            "outpost_arn": "",
            "owner_id": "054037138392",
            "private_dns_hostname_type_on_launch": "ip-name",
            "region": "us-east-1",
            "tags": {
              "Application": "set-genai-aws-workshop",
              "Name": "genai-vpc-immune-hen-private-us-east-1b"
            },
            "tags_all": {
              "Application": "set-genai-aws-workshop",
              "Name": "genai-vpc-immune-hen-private-us-east-1b"
            },
            "timeouts": null,
            "vpc_id": "vpc-09b85ac8b5c7b1f0f"
          },
          "sensitive_attributes": [],
          "identity_schema_version": 0,
          "private": "eyJlMmJmYjczMC1lY2FhLTExZTYtOGY4OC0zNDM2M2JjN2M0YzAiOnsiY3JlYXRlIjo2MDAwMDAwMDAwMDAsImRlbGV0ZSI6MTIwMDAwMDAwMDAwMH0sInNjaGVtYV92ZXJzaW9uIjoiMSJ9",
          "dependencies": [
            "data.aws_availability_zones.available",
            "module.vpc.aws_vpc.this",
            "module.vpc.aws_vpc_ipv4_cidr_block_association.this",
            "random_pet.this"
          ],
          "create_before_destroy": true
        },
        {
          "index_key": 2,
          "schema_version": 1,
          "attributes": {
            "arn": "arn:aws:ec2:us-east-1:054037138392:subnet/subnet-0751dd5a8a0c84540",
            "assign_ipv6_address_on_creation": false,
            "availability_zone": "us-east-1c",
            "availability_zone_id": "use1-az1",
            "cidr_block": "10.0.5.0/24",
            "customer_owned_ipv4_pool": "",
            "enable_dns64": false,
            "enable_lni_at_device_index": 0,
            "enable_resource_name_dns_a_record_on_launch": false,
            "enable_resource_name_dns_aaaa_record_on_launch": false,
            "id": "subnet-0751dd5a8a0c84540",
            "ipv6_cidr_block": "",
            "ipv6_cidr_block_association_id": "",
            "ipv6_native": false,
            "map_customer_owned_ip_on_launch": false,
            "map_public_ip_on_launch": false,
            "outpost_arn": "",
            "owner_id": "054037138392",
            "private_dns_hostname_type_on_launch": "ip-name",
            "region": "us-east-1",
            "tags": {
              "Application": "set-genai-aws-workshop",
              "Name": "genai-vpc-immune-hen-private-us-east-1c"
            },
            "tags_all": {
              "Application": "set-genai-aws-workshop",
              "Name": "genai-vpc-immune-hen-private-us-east-1c"
            },
            "timeouts": null,
            "vpc_id": "vpc-09b85ac8b5c7b1f0f"
          },
          "sensitive_attributes": [],
          "identity_schema_version": 0,
          "private": "eyJlMmJmYjczMC1lY2FhLTExZTYtOGY4OC0zNDM2M2JjN2M0YzAiOnsiY3JlYXRlIjo2MDAwMDAwMDAwMDAsImRlbGV0ZSI6MTIwMDAwMDAwMDAwMH0sInNjaGVtYV92ZXJzaW9uIjoiMSJ9",
          "dependencies": [
            "data.aws_availability_zones.available",
            "module.vpc.aws_vpc.this",
            "module.vpc.aws_vpc_ipv4_cidr_block_association.this",
            "random_pet.this"
          ],
          "create_before_destroy": true
        }
      ]
    },
    {
      "module": "module.vpc",
      "mode": "managed",
      "type": "aws_subnet",
      "name": "public",
      "provider": "provider[\"registry.terraform.io/hashicorp/aws\"]",
      "instances": [
        {
          "index_key": 0,
          "schema_version": 1,
          "attributes": {
            "arn": "arn:aws:ec2:us-east-1:054037138392:subnet/subnet-02deec2164866e9d3",
            "assign_ipv6_address_on_creation": false,
            "availability_zone": "us-east-1a",
            "availability_zone_id": "use1-az4",
            "cidr_block": "10.0.0.0/24",
            "customer_owned_ipv4_pool": "",
            "enable_dns64": false,
            "enable_lni_at_device_index": 0,
            "enable_resource_name_dns_a_record_on_launch": false,
            "enable_resource_name_dns_aaaa_record_on_launch": false,
            "id": "subnet-02deec2164866e9d3",
            "ipv6_cidr_block": "",
            "ipv6_cidr_block_association_id": "",
            "ipv6_native": false,
            "map_customer_owned_ip_on_launch": false,
            "map_public_ip_on_launch": false,
            "outpost_arn": "",
            "owner_id": "054037138392",
            "private_dns_hostname_type_on_launch": "ip-name",
            "region": "us-east-1",
            "tags": {
              "Application": "set-genai-aws-workshop",
              "Name": "genai-vpc-immune-hen-public-us-east-1a"
            },
            "tags_all": {
              "Application": "set-genai-aws-workshop",
              "Name": "genai-vpc-immune-hen-public-us-east-1a"
            },
            "timeouts": null,
            "vpc_id": "vpc-09b85ac8b5c7b1f0f"
          },
          "sensitive_attributes": [],
          "identity_schema_version": 0,
          "private": "eyJlMmJmYjczMC1lY2FhLTExZTYtOGY4OC0zNDM2M2JjN2M0YzAiOnsiY3JlYXRlIjo2MDAwMDAwMDAwMDAsImRlbGV0ZSI6MTIwMDAwMDAwMDAwMH0sInNjaGVtYV92ZXJzaW9uIjoiMSJ9",
          "dependencies": [
            "data.aws_availability_zones.available",
            "module.vpc.aws_vpc.this",
            "module.vpc.aws_vpc_ipv4_cidr_block_association.this",
            "random_pet.this"
          ]
        },
        {
          "index_key": 1,
          "schema_version": 1,
          "attributes": {
            "arn": "arn:aws:ec2:us-east-1:054037138392:subnet/subnet-0df7ce4e24e78b450",
            "assign_ipv6_address_on_creation": false,
            "availability_zone": "us-east-1b",
            "availability_zone_id": "use1-az6",
            "cidr_block": "10.0.1.0/24",
            "customer_owned_ipv4_pool": "",
            "enable_dns64": false,
            "enable_lni_at_device_index": 0,
            "enable_resource_name_dns_a_record_on_launch": false,
            "enable_resource_name_dns_aaaa_record_on_launch": false,
            "id": "subnet-0df7ce4e24e78b450",
            "ipv6_cidr_block": "",
            "ipv6_cidr_block_association_id": "",
            "ipv6_native": false,
            "map_customer_owned_ip_on_launch": false,
            "map_public_ip_on_launch": false,
            "outpost_arn": "",
            "owner_id": "054037138392",
            "private_dns_hostname_type_on_launch": "ip-name",
            "region": "us-east-1",
            "tags": {
              "Application": "set-genai-aws-workshop",
              "Name": "genai-vpc-immune-hen-public-us-east-1b"
            },
            "tags_all": {
              "Application": "set-genai-aws-workshop",
              "Name": "genai-vpc-immune-hen-public-us-east-1b"
            },
            "timeouts": null,
            "vpc_id": "vpc-09b85ac8b5c7b1f0f"
          },
          "sensitive_attributes": [],
          "identity_schema_version": 0,
          "private": "eyJlMmJmYjczMC1lY2FhLTExZTYtOGY4OC0zNDM2M2JjN2M0YzAiOnsiY3JlYXRlIjo2MDAwMDAwMDAwMDAsImRlbGV0ZSI6MTIwMDAwMDAwMDAwMH0sInNjaGVtYV92ZXJzaW9uIjoiMSJ9",
          "dependencies": [
            "data.aws_availability_zones.available",
            "module.vpc.aws_vpc.this",
            "module.vpc.aws_vpc_ipv4_cidr_block_association.this",
            "random_pet.this"
          ]
        },
        {
          "index_key": 2,
          "schema_version": 1,
          "attributes": {
            "arn": "arn:aws:ec2:us-east-1:054037138392:subnet/subnet-0b3ec04b85e2819bf",
            "assign_ipv6_address_on_creation": false,
            "availability_zone": "us-east-1c",
            "availability_zone_id": "use1-az1",
            "cidr_block": "10.0.2.0/24",
            "customer_owned_ipv4_pool": "",
            "enable_dns64": false,
            "enable_lni_at_device_index": 0,
            "enable_resource_name_dns_a_record_on_launch": false,
            "enable_resource_name_dns_aaaa_record_on_launch": false,
            "id": "subnet-0b3ec04b85e2819bf",
            "ipv6_cidr_block": "",
            "ipv6_cidr_block_association_id": "",
            "ipv6_native": false,
            "map_customer_owned_ip_on_launch": false,
            "map_public_ip_on_launch": false,
            "outpost_arn": "",
            "owner_id": "054037138392",
            "private_dns_hostname_type_on_launch": "ip-name",
            "region": "us-east-1",
            "tags": {
              "Application": "set-genai-aws-workshop",
              "Name": "genai-vpc-immune-hen-public-us-east-1c"
            },
            "tags_all": {
              "Application": "set-genai-aws-workshop",
              "Name": "genai-vpc-immune-hen-public-us-east-1c"
            },
            "timeouts": null,
            "vpc_id": "vpc-09b85ac8b5c7b1f0f"
          },
          "sensitive_attributes": [],
          "identity_schema_version": 0,
          "private": "eyJlMmJmYjczMC1lY2FhLTExZTYtOGY4OC0zNDM2M2JjN2M0YzAiOnsiY3JlYXRlIjo2MDAwMDAwMDAwMDAsImRlbGV0ZSI6MTIwMDAwMDAwMDAwMH0sInNjaGVtYV92ZXJzaW9uIjoiMSJ9",
          "dependencies": [
            "data.aws_availability_zones.available",
            "module.vpc.aws_vpc.this",
            "module.vpc.aws_vpc_ipv4_cidr_block_association.this",
            "random_pet.this"
          ]
        }
      ]
    },
    {
      "module": "module.vpc",
      "mode": "managed",
      "type": "aws_vpc",
      "name": "this",
      "provider": "provider[\"registry.terraform.io/hashicorp/aws\"]",
      "instances": [
        {
          "index_key": 0,
          "schema_version": 1,
          "attributes": {
            "arn": "arn:aws:ec2:us-east-1:054037138392:vpc/vpc-09b85ac8b5c7b1f0f",
            "assign_generated_ipv6_cidr_block": false,
            "cidr_block": "10.0.0.0/16",
            "default_network_acl_id": "acl-0dbcb4380e892d22c",
            "default_route_table_id": "rtb-010b2c2c5d797ab26",
            "default_security_group_id": "sg-0c8191692d83abafe",
            "dhcp_options_id": "dopt-05e3e71198cda5d4b",
            "enable_dns_hostnames": true,
            "enable_dns_support": true,
            "enable_network_address_usage_metrics": false,
            "id": "vpc-09b85ac8b5c7b1f0f",
            "instance_tenancy": "default",
            "ipv4_ipam_pool_id": null,
            "ipv4_netmask_length": null,
            "ipv6_association_id": "",
            "ipv6_cidr_block": "",
            "ipv6_cidr_block_network_border_group": "",
            "ipv6_ipam_pool_id": "",
            "ipv6_netmask_length": 0,
            "main_route_table_id": "rtb-010b2c2c5d797ab26",
            "owner_id": "054037138392",
            "region": "us-east-1",
            "tags": {
              "Application": "set-genai-aws-workshop",
              "Name": "genai-vpc-immune-hen"
            },
            "tags_all": {
              "Application": "set-genai-aws-workshop",
              "Name": "genai-vpc-immune-hen"
            }
          },
          "sensitive_attributes": [],
          "identity_schema_version": 0,
          "private": "eyJzY2hlbWFfdmVyc2lvbiI6IjEifQ==",
          "dependencies": [
            "random_pet.this"
          ],
          "create_before_destroy": true
        }
      ]
    }
  ],
  "check_results": null
}
